// !$*UTF8*$!
{
	archiveVersion = 1;
	classes = {
	};
	objectVersion = 56;
	objects = {

/* Begin PBXBuildFile section */
		4100D5DE2AD052010081F0EC /* OverlaySettingsView.swift in Sources */ = {isa = PBXBuildFile; fileRef = 4100D5DD2AD052010081F0EC /* OverlaySettingsView.swift */; };
		4100D5E42AD1616D0081F0EC /* ColorExtension.swift in Sources */ = {isa = PBXBuildFile; fileRef = 4100D5E32AD1616D0081F0EC /* ColorExtension.swift */; };
		4100D5E72AD19C980081F0EC /* FilePicker in Frameworks */ = {isa = PBXBuildFile; productRef = 4100D5E62AD19C980081F0EC /* FilePicker */; };
		4100D5EC2AD1A1F80081F0EC /* UTTypeExtension.swift in Sources */ = {isa = PBXBuildFile; fileRef = 4100D5EB2AD1A1F80081F0EC /* UTTypeExtension.swift */; };
		410E3B812B4B0FF8005280FD /* LogManager.swift in Sources */ = {isa = PBXBuildFile; fileRef = 410E3B802B4B0FF8005280FD /* LogManager.swift */; };
		411F37392B53D84200CC05E6 /* MakeCommand.m in Sources */ = {isa = PBXBuildFile; fileRef = 411F37382B53D84200CC05E6 /* MakeCommand.m */; };
		411F373B2B55B77100CC05E6 /* LibraryFolders.swift in Sources */ = {isa = PBXBuildFile; fileRef = 411F373A2B55B77100CC05E6 /* LibraryFolders.swift */; };
		411F37452B56DE7400CC05E6 /* PulsingIcon.swift in Sources */ = {isa = PBXBuildFile; fileRef = 411F37442B56DE7400CC05E6 /* PulsingIcon.swift */; };
		411F37472B56F11400CC05E6 /* InstallShareDestinationView.swift in Sources */ = {isa = PBXBuildFile; fileRef = 411F37462B56F11400CC05E6 /* InstallShareDestinationView.swift */; };
		411F374A2B56F22300CC05E6 /* ShareDestinationInstaller.swift in Sources */ = {isa = PBXBuildFile; fileRef = 411F37492B56F22300CC05E6 /* ShareDestinationInstaller.swift */; };
		411F374C2B56F3F400CC05E6 /* MarkerData.fcpxdest in Resources */ = {isa = PBXBuildFile; fileRef = 411F374B2B56F3F400CC05E6 /* MarkerData.fcpxdest */; };
		411F374E2B56FB5B00CC05E6 /* AppCommands.swift in Sources */ = {isa = PBXBuildFile; fileRef = 411F374D2B56FB5B00CC05E6 /* AppCommands.swift */; };
		414262BB2AD2E1AC00FC6CFC /* URLExtension.swift in Sources */ = {isa = PBXBuildFile; fileRef = 414262BA2AD2E1AC00FC6CFC /* URLExtension.swift */; };
		414262BD2AD2E24A00FC6CFC /* BundleExtension.swift in Sources */ = {isa = PBXBuildFile; fileRef = 414262BC2AD2E24A00FC6CFC /* BundleExtension.swift */; };
		414262C02AD5CE3200FC6CFC /* ConfigurationErrors.swift in Sources */ = {isa = PBXBuildFile; fileRef = 414262BF2AD5CE3200FC6CFC /* ConfigurationErrors.swift */; };
		414262C22AD5D34D00FC6CFC /* ConfigurationsModel.swift in Sources */ = {isa = PBXBuildFile; fileRef = 414262C12AD5D34D00FC6CFC /* ConfigurationsModel.swift */; };
		414262C52ADAC6EC00FC6CFC /* DefaultConfiguration.json in Resources */ = {isa = PBXBuildFile; fileRef = 414262C42ADAC6EC00FC6CFC /* DefaultConfiguration.json */; };
		415619672B3A18D60032E82C /* ExtractError.swift in Sources */ = {isa = PBXBuildFile; fileRef = 415619662B3A18D60032E82C /* ExtractError.swift */; };
		4156196B2B3AE41F0032E82C /* ProgressViewModel.swift in Sources */ = {isa = PBXBuildFile; fileRef = 4156196A2B3AE41F0032E82C /* ProgressViewModel.swift */; };
		417272982B444211005A04BE /* ExportExitStatus.swift in Sources */ = {isa = PBXBuildFile; fileRef = 417272972B444211005A04BE /* ExportExitStatus.swift */; };
		4172729A2B44533D005A04BE /* FailedExtractionsView.swift in Sources */ = {isa = PBXBuildFile; fileRef = 417272992B44533D005A04BE /* FailedExtractionsView.swift */; };
		417272A02B46F65A005A04BE /* UnifiedExportProfile.swift in Sources */ = {isa = PBXBuildFile; fileRef = 4172729F2B46F65A005A04BE /* UnifiedExportProfile.swift */; };
		417272A22B484B82005A04BE /* ExportDestinationPicker.swift in Sources */ = {isa = PBXBuildFile; fileRef = 417272A12B484B82005A04BE /* ExportDestinationPicker.swift */; };
		417272A42B48665A005A04BE /* csv2notion_neo in Resources */ = {isa = PBXBuildFile; fileRef = 417272A32B48665A005A04BE /* csv2notion_neo */; };
		417389632AC86BE600984FD8 /* ExtractView.swift in Sources */ = {isa = PBXBuildFile; fileRef = 417389622AC86BE600984FD8 /* ExtractView.swift */; };
		41BFEB6D2B1B9B6400C8B551 /* Links.swift in Sources */ = {isa = PBXBuildFile; fileRef = 41BFEB6C2B1B9B6400C8B551 /* Links.swift */; };
		41BFEB702B1BA4CC00C8B551 /* PasswordField in Frameworks */ = {isa = PBXBuildFile; productRef = 41BFEB6F2B1BA4CC00C8B551 /* PasswordField */; };
		41BFEB722B1BCE4600C8B551 /* ExportProfilePicker.swift in Sources */ = {isa = PBXBuildFile; fileRef = 41BFEB712B1BCE4600C8B551 /* ExportProfilePicker.swift */; };
		41BFEB772B1E63EB00C8B551 /* ExportProfileFormatExtrension.swift in Sources */ = {isa = PBXBuildFile; fileRef = 41BFEB762B1E63EA00C8B551 /* ExportProfileFormatExtrension.swift */; };
		41BFEB792B1F925800C8B551 /* ExportProcess.swift in Sources */ = {isa = PBXBuildFile; fileRef = 41BFEB782B1F925800C8B551 /* ExportProcess.swift */; };
		41C538942AE1AFF200E8A8A1 /* SettingsContainer.swift in Sources */ = {isa = PBXBuildFile; fileRef = 41C538932AE1AFF200E8A8A1 /* SettingsContainer.swift */; };
		41C538992AE3062000E8A8A1 /* HelpCommands.swift in Sources */ = {isa = PBXBuildFile; fileRef = 41C538982AE3062000E8A8A1 /* HelpCommands.swift */; };
		41C5389B2AE3067900E8A8A1 /* ConfigurationCommands.swift in Sources */ = {isa = PBXBuildFile; fileRef = 41C5389A2AE3067900E8A8A1 /* ConfigurationCommands.swift */; };
		41C538A22AE420EA00E8A8A1 /* ColorWellKit in Frameworks */ = {isa = PBXBuildFile; productRef = 41C538A12AE420EA00E8A8A1 /* ColorWellKit */; };
		41C839312B52C82A00C6B133 /* OSAScriptingDefinition.sdef in Resources */ = {isa = PBXBuildFile; fileRef = 41C839302B52C82A00C6B133 /* OSAScriptingDefinition.sdef */; };
		41C839342B52C94000C6B133 /* ApplicationDelegate.swift in Sources */ = {isa = PBXBuildFile; fileRef = 41C839332B52C94000C6B133 /* ApplicationDelegate.swift */; };
		41C839822B52C9E300C6B133 /* ScriptingSupportCategories.m in Sources */ = {isa = PBXBuildFile; fileRef = 41C8396B2B52C9E300C6B133 /* ScriptingSupportCategories.m */; };
		41C839832B52C9E300C6B133 /* Object.m in Sources */ = {isa = PBXBuildFile; fileRef = 41C8396C2B52C9E300C6B133 /* Object.m */; };
		41C839842B52C9E300C6B133 /* Document.m in Sources */ = {isa = PBXBuildFile; fileRef = 41C8396D2B52C9E300C6B133 /* Document.m */; };
		41C839852B52C9E300C6B133 /* DocumentController.m in Sources */ = {isa = PBXBuildFile; fileRef = 41C8396E2B52C9E300C6B133 /* DocumentController.m */; };
		41C839862B52C9E300C6B133 /* Asset.m in Sources */ = {isa = PBXBuildFile; fileRef = 41C8396F2B52C9E300C6B133 /* Asset.m */; };
		41C839872B52C9E300C6B133 /* FCPXMetadataKeys.m in Sources */ = {isa = PBXBuildFile; fileRef = 41C839712B52C9E300C6B133 /* FCPXMetadataKeys.m */; };
		41C8398B2B52C9E300C6B133 /* MediaAssetHelperKeys.m in Sources */ = {isa = PBXBuildFile; fileRef = 41C839762B52C9E300C6B133 /* MediaAssetHelperKeys.m */; };
		41C839992B52D77200C6B133 /* Cocoa.framework in Frameworks */ = {isa = PBXBuildFile; fileRef = 41C839982B52D77200C6B133 /* Cocoa.framework */; };
		41C8399B2B52D78900C6B133 /* AVFoundation.framework in Frameworks */ = {isa = PBXBuildFile; fileRef = 41C8399A2B52D78900C6B133 /* AVFoundation.framework */; };
		41EBAD502AF7B6F200E6AF7C /* WindowSize.swift in Sources */ = {isa = PBXBuildFile; fileRef = 41EBAD4F2AF7B6F200E6AF7C /* WindowSize.swift */; };
		41EBAD522AF8172F00E6AF7C /* MainViews.swift in Sources */ = {isa = PBXBuildFile; fileRef = 41EBAD512AF8172F00E6AF7C /* MainViews.swift */; };
		41EC60CB2AFFBC0700F0A131 /* MarkersExtractor in Frameworks */ = {isa = PBXBuildFile; productRef = 41EC60CA2AFFBC0700F0A131 /* MarkersExtractor */; };
		41F88ADC2B029D4A004A3B58 /* ColorPickerForm.swift in Sources */ = {isa = PBXBuildFile; fileRef = 41F88ADB2B029D4A004A3B58 /* ColorPickerForm.swift */; };
		41F88AE32B0C839B004A3B58 /* Shell.swift in Sources */ = {isa = PBXBuildFile; fileRef = 41F88AE22B0C839B004A3B58 /* Shell.swift */; };
		41F88AE52B0C83DE004A3B58 /* ShellResult.swift in Sources */ = {isa = PBXBuildFile; fileRef = 41F88AE42B0C83DE004A3B58 /* ShellResult.swift */; };
		41F88AE82B0E9176004A3B58 /* DatabaseProfileModel.swift in Sources */ = {isa = PBXBuildFile; fileRef = 41F88AE72B0E9176004A3B58 /* DatabaseProfileModel.swift */; };
		41F88AEC2B0E9224004A3B58 /* DatabasePlatform.swift in Sources */ = {isa = PBXBuildFile; fileRef = 41F88AEB2B0E9224004A3B58 /* DatabasePlatform.swift */; };
		41F88AEF2B0E92E9004A3B58 /* NotionDBModel.swift in Sources */ = {isa = PBXBuildFile; fileRef = 41F88AEE2B0E92E9004A3B58 /* NotionDBModel.swift */; };
		41F88AF12B0E9367004A3B58 /* DatabaseManager.swift in Sources */ = {isa = PBXBuildFile; fileRef = 41F88AF02B0E9367004A3B58 /* DatabaseManager.swift */; };
		41F88AF62B0E9DBF004A3B58 /* CreateDBProfileSheet.swift in Sources */ = {isa = PBXBuildFile; fileRef = 41F88AF52B0E9DBF004A3B58 /* CreateDBProfileSheet.swift */; };
		41F88AF82B0FDCF7004A3B58 /* ProfileCredentialModel.swift in Sources */ = {isa = PBXBuildFile; fileRef = 41F88AF72B0FDCF7004A3B58 /* ProfileCredentialModel.swift */; };
		41F88AFA2B0FF62A004A3B58 /* DatabaseErrors.swift in Sources */ = {isa = PBXBuildFile; fileRef = 41F88AF92B0FF62A004A3B58 /* DatabaseErrors.swift */; };
		41F88AFE2B126439004A3B58 /* ExtractionResult.swift in Sources */ = {isa = PBXBuildFile; fileRef = 41F88AFD2B126439004A3B58 /* ExtractionResult.swift */; };
		41F88B032B1A4D40004A3B58 /* ShellOutputStream.swift in Sources */ = {isa = PBXBuildFile; fileRef = 41F88B022B1A4D40004A3B58 /* ShellOutputStream.swift */; };
		47411FDA2A3EA121005890FE /* HelpButton.swift in Sources */ = {isa = PBXBuildFile; fileRef = 47411FD92A3EA121005890FE /* HelpButton.swift */; };
		47411FDC2A3EA140005890FE /* ViewExtensions.swift in Sources */ = {isa = PBXBuildFile; fileRef = 47411FDB2A3EA140005890FE /* ViewExtensions.swift */; };
		47411FDE2A3EA1BA005890FE /* AboutView.swift in Sources */ = {isa = PBXBuildFile; fileRef = 47411FDD2A3EA1BA005890FE /* AboutView.swift */; };
		4741202E2A3EFC42005890FE /* Miscellaneous Utilities.swift in Sources */ = {isa = PBXBuildFile; fileRef = 4741202D2A3EFC42005890FE /* Miscellaneous Utilities.swift */; };
		474595372A40113000EF100D /* LabeledTextboxStepperForm.swift in Sources */ = {isa = PBXBuildFile; fileRef = 474595362A40113000EF100D /* LabeledTextboxStepperForm.swift */; };
		474595582A40254E00EF100D /* ColorPickerOpacitySliderForm.swift in Sources */ = {isa = PBXBuildFile; fileRef = 474595572A40254E00EF100D /* ColorPickerOpacitySliderForm.swift */; };
		4779AF592A4FC06C00F1B48B /* LabelSettingsView.swift in Sources */ = {isa = PBXBuildFile; fileRef = 4779AF582A4FC06C00F1B48B /* LabelSettingsView.swift */; };
		47F5CDF82A60CA43005D9A98 /* ExtractionModel.swift in Sources */ = {isa = PBXBuildFile; fileRef = 47F5CDF72A60CA43005D9A98 /* ExtractionModel.swift */; };
		9B244B3E2A24AB5D005620D8 /* MarkerData.xcdatamodeld in Sources */ = {isa = PBXBuildFile; fileRef = 9B9CA0F32A1A9ADD004E337A /* MarkerData.xcdatamodeld */; };
		9B25815E2A07A286002CED07 /* GeneralSettingsView.swift in Sources */ = {isa = PBXBuildFile; fileRef = 9B25815D2A07A286002CED07 /* GeneralSettingsView.swift */; };
		9B35FE6829F94C110035B760 /* PickerViews.swift in Sources */ = {isa = PBXBuildFile; fileRef = 9B35FE6729F94C110035B760 /* PickerViews.swift */; };
		9B4D90D82A0BAE3900FE7603 /* ImageSettingsView.swift in Sources */ = {isa = PBXBuildFile; fileRef = 9B4D90D72A0BAE3900FE7603 /* ImageSettingsView.swift */; };
		9B4D90DA2A0BAF9E00FE7603 /* GeneralLabelSettingsView.swift in Sources */ = {isa = PBXBuildFile; fileRef = 9B4D90D92A0BAF9E00FE7603 /* GeneralLabelSettingsView.swift */; };
		9B4D90DC2A0BB07500FE7603 /* ConfigurationSettingsView.swift in Sources */ = {isa = PBXBuildFile; fileRef = 9B4D90DB2A0BB07500FE7603 /* ConfigurationSettingsView.swift */; };
		9B4D90DE2A0BB11000FE7603 /* DatabaseSettingsView.swift in Sources */ = {isa = PBXBuildFile; fileRef = 9B4D90DD2A0BB11000FE7603 /* DatabaseSettingsView.swift */; };
		9B51D21629E9B13400DF7836 /* SettingsModels.swift in Sources */ = {isa = PBXBuildFile; fileRef = 9B51D21529E9B13400DF7836 /* SettingsModels.swift */; };
		9B61B44229F03866003EC14A /* libswiftCoreGraphics.tbd in Frameworks */ = {isa = PBXBuildFile; fileRef = 9B61B44129F03866003EC14A /* libswiftCoreGraphics.tbd */; };
		9B653ABB29F2C2E700C64999 /* UserAlertView.swift in Sources */ = {isa = PBXBuildFile; fileRef = 9B653ABA29F2C2E700C64999 /* UserAlertView.swift */; };
		9B653ABD29F2C64600C64999 /* ErrorViewModel.swift in Sources */ = {isa = PBXBuildFile; fileRef = 9B653ABC29F2C64600C64999 /* ErrorViewModel.swift */; };
		9B9CA1172A1A9BBB004E337A /* PersistenceController.swift in Sources */ = {isa = PBXBuildFile; fileRef = 9B9CA1162A1A9BBB004E337A /* PersistenceController.swift */; };
		9BACA4D129FA9B5100EF6837 /* SettingsStore.swift in Sources */ = {isa = PBXBuildFile; fileRef = 9BACA4D029FA9B5100EF6837 /* SettingsStore.swift */; };
		D5F74A312972D31D00EEE2FE /* Marker_DataApp.swift in Sources */ = {isa = PBXBuildFile; fileRef = D5F74A302972D31D00EEE2FE /* Marker_DataApp.swift */; };
		D5F74A332972D31D00EEE2FE /* ContentView.swift in Sources */ = {isa = PBXBuildFile; fileRef = D5F74A322972D31D00EEE2FE /* ContentView.swift */; };
		D5F74A352972D32100EEE2FE /* Assets.xcassets in Resources */ = {isa = PBXBuildFile; fileRef = D5F74A342972D32100EEE2FE /* Assets.xcassets */; };
		D5F74A382972D32100EEE2FE /* Preview Assets.xcassets in Resources */ = {isa = PBXBuildFile; fileRef = D5F74A372972D32100EEE2FE /* Preview Assets.xcassets */; };
		D5F74A472972FE7C00EEE2FE /* AirtableKit in Frameworks */ = {isa = PBXBuildFile; productRef = D5F74A462972FE7C00EEE2FE /* AirtableKit */; };
		D5F74A4D2973019000EEE2FE /* Collections in Frameworks */ = {isa = PBXBuildFile; productRef = D5F74A4C2973019000EEE2FE /* Collections */; };
		D5F74A4F2973019000EEE2FE /* DequeModule in Frameworks */ = {isa = PBXBuildFile; productRef = D5F74A4E2973019000EEE2FE /* DequeModule */; };
		D5F74A512973019000EEE2FE /* OrderedCollections in Frameworks */ = {isa = PBXBuildFile; productRef = D5F74A502973019000EEE2FE /* OrderedCollections */; };
/* End PBXBuildFile section */

/* Begin PBXCopyFilesBuildPhase section */
		D5F74A552974A24600EEE2FE /* CopyFiles */ = {
			isa = PBXCopyFilesBuildPhase;
			buildActionMask = 2147483647;
			dstPath = "";
			dstSubfolderSpec = 12;
			files = (
			);
			runOnlyForDeploymentPostprocessing = 0;
		};
/* End PBXCopyFilesBuildPhase section */

/* Begin PBXFileReference section */
		4100D5DD2AD052010081F0EC /* OverlaySettingsView.swift */ = {isa = PBXFileReference; lastKnownFileType = sourcecode.swift; path = OverlaySettingsView.swift; sourceTree = "<group>"; };
		4100D5E32AD1616D0081F0EC /* ColorExtension.swift */ = {isa = PBXFileReference; lastKnownFileType = sourcecode.swift; path = ColorExtension.swift; sourceTree = "<group>"; };
		4100D5EB2AD1A1F80081F0EC /* UTTypeExtension.swift */ = {isa = PBXFileReference; lastKnownFileType = sourcecode.swift; path = UTTypeExtension.swift; sourceTree = "<group>"; };
		410E3B802B4B0FF8005280FD /* LogManager.swift */ = {isa = PBXFileReference; lastKnownFileType = sourcecode.swift; path = LogManager.swift; sourceTree = "<group>"; };
		411F37382B53D84200CC05E6 /* MakeCommand.m */ = {isa = PBXFileReference; fileEncoding = 4; lastKnownFileType = sourcecode.c.objc; path = MakeCommand.m; sourceTree = "<group>"; };
		411F373A2B55B77100CC05E6 /* LibraryFolders.swift */ = {isa = PBXFileReference; lastKnownFileType = sourcecode.swift; path = LibraryFolders.swift; sourceTree = "<group>"; };
		411F37442B56DE7400CC05E6 /* PulsingIcon.swift */ = {isa = PBXFileReference; lastKnownFileType = sourcecode.swift; path = PulsingIcon.swift; sourceTree = "<group>"; };
		411F37462B56F11400CC05E6 /* InstallShareDestinationView.swift */ = {isa = PBXFileReference; lastKnownFileType = sourcecode.swift; path = InstallShareDestinationView.swift; sourceTree = "<group>"; };
		411F37492B56F22300CC05E6 /* ShareDestinationInstaller.swift */ = {isa = PBXFileReference; lastKnownFileType = sourcecode.swift; path = ShareDestinationInstaller.swift; sourceTree = "<group>"; };
		411F374B2B56F3F400CC05E6 /* MarkerData.fcpxdest */ = {isa = PBXFileReference; lastKnownFileType = file.bplist; path = MarkerData.fcpxdest; sourceTree = "<group>"; };
		411F374D2B56FB5B00CC05E6 /* AppCommands.swift */ = {isa = PBXFileReference; lastKnownFileType = sourcecode.swift; path = AppCommands.swift; sourceTree = "<group>"; };
		414262BA2AD2E1AC00FC6CFC /* URLExtension.swift */ = {isa = PBXFileReference; lastKnownFileType = sourcecode.swift; path = URLExtension.swift; sourceTree = "<group>"; };
		414262BC2AD2E24A00FC6CFC /* BundleExtension.swift */ = {isa = PBXFileReference; lastKnownFileType = sourcecode.swift; path = BundleExtension.swift; sourceTree = "<group>"; };
		414262BF2AD5CE3200FC6CFC /* ConfigurationErrors.swift */ = {isa = PBXFileReference; lastKnownFileType = sourcecode.swift; path = ConfigurationErrors.swift; sourceTree = "<group>"; };
		414262C12AD5D34D00FC6CFC /* ConfigurationsModel.swift */ = {isa = PBXFileReference; lastKnownFileType = sourcecode.swift; path = ConfigurationsModel.swift; sourceTree = "<group>"; };
		414262C42ADAC6EC00FC6CFC /* DefaultConfiguration.json */ = {isa = PBXFileReference; fileEncoding = 4; lastKnownFileType = text.json; path = DefaultConfiguration.json; sourceTree = "<group>"; };
		415619662B3A18D60032E82C /* ExtractError.swift */ = {isa = PBXFileReference; lastKnownFileType = sourcecode.swift; path = ExtractError.swift; sourceTree = "<group>"; };
		4156196A2B3AE41F0032E82C /* ProgressViewModel.swift */ = {isa = PBXFileReference; lastKnownFileType = sourcecode.swift; path = ProgressViewModel.swift; sourceTree = "<group>"; };
		417272972B444211005A04BE /* ExportExitStatus.swift */ = {isa = PBXFileReference; lastKnownFileType = sourcecode.swift; path = ExportExitStatus.swift; sourceTree = "<group>"; };
		417272992B44533D005A04BE /* FailedExtractionsView.swift */ = {isa = PBXFileReference; lastKnownFileType = sourcecode.swift; path = FailedExtractionsView.swift; sourceTree = "<group>"; };
		4172729F2B46F65A005A04BE /* UnifiedExportProfile.swift */ = {isa = PBXFileReference; lastKnownFileType = sourcecode.swift; path = UnifiedExportProfile.swift; sourceTree = "<group>"; };
		417272A12B484B82005A04BE /* ExportDestinationPicker.swift */ = {isa = PBXFileReference; lastKnownFileType = sourcecode.swift; path = ExportDestinationPicker.swift; sourceTree = "<group>"; };
		417272A32B48665A005A04BE /* csv2notion_neo */ = {isa = PBXFileReference; lastKnownFileType = "compiled.mach-o.executable"; path = csv2notion_neo; sourceTree = "<group>"; };
		417389622AC86BE600984FD8 /* ExtractView.swift */ = {isa = PBXFileReference; lastKnownFileType = sourcecode.swift; path = ExtractView.swift; sourceTree = "<group>"; };
		41BFEB6C2B1B9B6400C8B551 /* Links.swift */ = {isa = PBXFileReference; lastKnownFileType = sourcecode.swift; path = Links.swift; sourceTree = "<group>"; };
		41BFEB712B1BCE4600C8B551 /* ExportProfilePicker.swift */ = {isa = PBXFileReference; lastKnownFileType = sourcecode.swift; path = ExportProfilePicker.swift; sourceTree = "<group>"; };
		41BFEB762B1E63EA00C8B551 /* ExportProfileFormatExtrension.swift */ = {isa = PBXFileReference; lastKnownFileType = sourcecode.swift; path = ExportProfileFormatExtrension.swift; sourceTree = "<group>"; };
		41BFEB782B1F925800C8B551 /* ExportProcess.swift */ = {isa = PBXFileReference; lastKnownFileType = sourcecode.swift; path = ExportProcess.swift; sourceTree = "<group>"; };
		41C538932AE1AFF200E8A8A1 /* SettingsContainer.swift */ = {isa = PBXFileReference; lastKnownFileType = sourcecode.swift; path = SettingsContainer.swift; sourceTree = "<group>"; };
		41C538982AE3062000E8A8A1 /* HelpCommands.swift */ = {isa = PBXFileReference; lastKnownFileType = sourcecode.swift; path = HelpCommands.swift; sourceTree = "<group>"; };
		41C5389A2AE3067900E8A8A1 /* ConfigurationCommands.swift */ = {isa = PBXFileReference; lastKnownFileType = sourcecode.swift; path = ConfigurationCommands.swift; sourceTree = "<group>"; };
		41C839302B52C82A00C6B133 /* OSAScriptingDefinition.sdef */ = {isa = PBXFileReference; fileEncoding = 4; lastKnownFileType = text.xml; path = OSAScriptingDefinition.sdef; sourceTree = "<group>"; };
		41C839332B52C94000C6B133 /* ApplicationDelegate.swift */ = {isa = PBXFileReference; lastKnownFileType = sourcecode.swift; path = ApplicationDelegate.swift; sourceTree = "<group>"; };
		41C8396A2B52C9E300C6B133 /* MakeCommand.h */ = {isa = PBXFileReference; fileEncoding = 4; lastKnownFileType = sourcecode.c.h; path = MakeCommand.h; sourceTree = "<group>"; };
		41C8396B2B52C9E300C6B133 /* ScriptingSupportCategories.m */ = {isa = PBXFileReference; fileEncoding = 4; lastKnownFileType = sourcecode.c.objc; path = ScriptingSupportCategories.m; sourceTree = "<group>"; };
		41C8396C2B52C9E300C6B133 /* Object.m */ = {isa = PBXFileReference; fileEncoding = 4; lastKnownFileType = sourcecode.c.objc; path = Object.m; sourceTree = "<group>"; };
		41C8396D2B52C9E300C6B133 /* Document.m */ = {isa = PBXFileReference; fileEncoding = 4; lastKnownFileType = sourcecode.c.objc; path = Document.m; sourceTree = "<group>"; };
		41C8396E2B52C9E300C6B133 /* DocumentController.m */ = {isa = PBXFileReference; fileEncoding = 4; lastKnownFileType = sourcecode.c.objc; path = DocumentController.m; sourceTree = "<group>"; };
		41C8396F2B52C9E300C6B133 /* Asset.m */ = {isa = PBXFileReference; fileEncoding = 4; lastKnownFileType = sourcecode.c.objc; path = Asset.m; sourceTree = "<group>"; };
		41C839712B52C9E300C6B133 /* FCPXMetadataKeys.m */ = {isa = PBXFileReference; fileEncoding = 4; lastKnownFileType = sourcecode.c.objc; path = FCPXMetadataKeys.m; sourceTree = "<group>"; };
		41C839762B52C9E300C6B133 /* MediaAssetHelperKeys.m */ = {isa = PBXFileReference; fileEncoding = 4; lastKnownFileType = sourcecode.c.objc; path = MediaAssetHelperKeys.m; sourceTree = "<group>"; };
		41C839772B52C9E300C6B133 /* ScriptingSupportCategories.h */ = {isa = PBXFileReference; fileEncoding = 4; lastKnownFileType = sourcecode.c.h; path = ScriptingSupportCategories.h; sourceTree = "<group>"; };
		41C839792B52C9E300C6B133 /* DocumentController.h */ = {isa = PBXFileReference; fileEncoding = 4; lastKnownFileType = sourcecode.c.h; path = DocumentController.h; sourceTree = "<group>"; };
		41C8397A2B52C9E300C6B133 /* Document.h */ = {isa = PBXFileReference; fileEncoding = 4; lastKnownFileType = sourcecode.c.h; path = Document.h; sourceTree = "<group>"; };
		41C8397B2B52C9E300C6B133 /* Object.h */ = {isa = PBXFileReference; fileEncoding = 4; lastKnownFileType = sourcecode.c.h; path = Object.h; sourceTree = "<group>"; };
		41C8397C2B52C9E300C6B133 /* FCPXMetadataKeys.h */ = {isa = PBXFileReference; fileEncoding = 4; lastKnownFileType = sourcecode.c.h; path = FCPXMetadataKeys.h; sourceTree = "<group>"; };
		41C8397E2B52C9E300C6B133 /* Asset.h */ = {isa = PBXFileReference; fileEncoding = 4; lastKnownFileType = sourcecode.c.h; path = Asset.h; sourceTree = "<group>"; };
		41C8397F2B52C9E300C6B133 /* MediaAssetHelperKeys.h */ = {isa = PBXFileReference; fileEncoding = 4; lastKnownFileType = sourcecode.c.h; path = MediaAssetHelperKeys.h; sourceTree = "<group>"; };
		41C839982B52D77200C6B133 /* Cocoa.framework */ = {isa = PBXFileReference; lastKnownFileType = wrapper.framework; name = Cocoa.framework; path = System/Library/Frameworks/Cocoa.framework; sourceTree = SDKROOT; };
		41C8399A2B52D78900C6B133 /* AVFoundation.framework */ = {isa = PBXFileReference; lastKnownFileType = wrapper.framework; name = AVFoundation.framework; path = System/Library/Frameworks/AVFoundation.framework; sourceTree = SDKROOT; };
		41EBAD4F2AF7B6F200E6AF7C /* WindowSize.swift */ = {isa = PBXFileReference; lastKnownFileType = sourcecode.swift; path = WindowSize.swift; sourceTree = "<group>"; };
		41EBAD512AF8172F00E6AF7C /* MainViews.swift */ = {isa = PBXFileReference; lastKnownFileType = sourcecode.swift; path = MainViews.swift; sourceTree = "<group>"; };
		41F88ADB2B029D4A004A3B58 /* ColorPickerForm.swift */ = {isa = PBXFileReference; lastKnownFileType = sourcecode.swift; path = ColorPickerForm.swift; sourceTree = "<group>"; };
		41F88AE22B0C839B004A3B58 /* Shell.swift */ = {isa = PBXFileReference; lastKnownFileType = sourcecode.swift; path = Shell.swift; sourceTree = "<group>"; };
		41F88AE42B0C83DE004A3B58 /* ShellResult.swift */ = {isa = PBXFileReference; lastKnownFileType = sourcecode.swift; path = ShellResult.swift; sourceTree = "<group>"; };
		41F88AE72B0E9176004A3B58 /* DatabaseProfileModel.swift */ = {isa = PBXFileReference; lastKnownFileType = sourcecode.swift; path = DatabaseProfileModel.swift; sourceTree = "<group>"; };
		41F88AEB2B0E9224004A3B58 /* DatabasePlatform.swift */ = {isa = PBXFileReference; lastKnownFileType = sourcecode.swift; path = DatabasePlatform.swift; sourceTree = "<group>"; };
		41F88AEE2B0E92E9004A3B58 /* NotionDBModel.swift */ = {isa = PBXFileReference; lastKnownFileType = sourcecode.swift; path = NotionDBModel.swift; sourceTree = "<group>"; };
		41F88AF02B0E9367004A3B58 /* DatabaseManager.swift */ = {isa = PBXFileReference; lastKnownFileType = sourcecode.swift; path = DatabaseManager.swift; sourceTree = "<group>"; };
		41F88AF52B0E9DBF004A3B58 /* CreateDBProfileSheet.swift */ = {isa = PBXFileReference; lastKnownFileType = sourcecode.swift; path = CreateDBProfileSheet.swift; sourceTree = "<group>"; };
		41F88AF72B0FDCF7004A3B58 /* ProfileCredentialModel.swift */ = {isa = PBXFileReference; lastKnownFileType = sourcecode.swift; path = ProfileCredentialModel.swift; sourceTree = "<group>"; };
		41F88AF92B0FF62A004A3B58 /* DatabaseErrors.swift */ = {isa = PBXFileReference; lastKnownFileType = sourcecode.swift; path = DatabaseErrors.swift; sourceTree = "<group>"; };
		41F88AFD2B126439004A3B58 /* ExtractionResult.swift */ = {isa = PBXFileReference; lastKnownFileType = sourcecode.swift; path = ExtractionResult.swift; sourceTree = "<group>"; };
		41F88B022B1A4D40004A3B58 /* ShellOutputStream.swift */ = {isa = PBXFileReference; fileEncoding = 4; lastKnownFileType = sourcecode.swift; path = ShellOutputStream.swift; sourceTree = "<group>"; };
		47411FD92A3EA121005890FE /* HelpButton.swift */ = {isa = PBXFileReference; fileEncoding = 4; lastKnownFileType = sourcecode.swift; path = HelpButton.swift; sourceTree = "<group>"; };
		47411FDB2A3EA140005890FE /* ViewExtensions.swift */ = {isa = PBXFileReference; fileEncoding = 4; lastKnownFileType = sourcecode.swift; path = ViewExtensions.swift; sourceTree = "<group>"; };
		47411FDD2A3EA1BA005890FE /* AboutView.swift */ = {isa = PBXFileReference; fileEncoding = 4; lastKnownFileType = sourcecode.swift; path = AboutView.swift; sourceTree = "<group>"; };
		4741202D2A3EFC42005890FE /* Miscellaneous Utilities.swift */ = {isa = PBXFileReference; lastKnownFileType = sourcecode.swift; path = "Miscellaneous Utilities.swift"; sourceTree = "<group>"; };
		474595362A40113000EF100D /* LabeledTextboxStepperForm.swift */ = {isa = PBXFileReference; lastKnownFileType = sourcecode.swift; path = LabeledTextboxStepperForm.swift; sourceTree = "<group>"; };
		474595572A40254E00EF100D /* ColorPickerOpacitySliderForm.swift */ = {isa = PBXFileReference; lastKnownFileType = sourcecode.swift; path = ColorPickerOpacitySliderForm.swift; sourceTree = "<group>"; };
		4779AF582A4FC06C00F1B48B /* LabelSettingsView.swift */ = {isa = PBXFileReference; lastKnownFileType = sourcecode.swift; path = LabelSettingsView.swift; sourceTree = "<group>"; };
		47F5CDF72A60CA43005D9A98 /* ExtractionModel.swift */ = {isa = PBXFileReference; lastKnownFileType = sourcecode.swift; path = ExtractionModel.swift; sourceTree = "<group>"; };
		9B244B3F2A24B495005620D8 /* Configuration+Extensions.swift */ = {isa = PBXFileReference; lastKnownFileType = sourcecode.swift; path = "Configuration+Extensions.swift"; sourceTree = "<group>"; };
		9B25815D2A07A286002CED07 /* GeneralSettingsView.swift */ = {isa = PBXFileReference; lastKnownFileType = sourcecode.swift; path = GeneralSettingsView.swift; sourceTree = "<group>"; };
		9B35FE6729F94C110035B760 /* PickerViews.swift */ = {isa = PBXFileReference; lastKnownFileType = sourcecode.swift; path = PickerViews.swift; sourceTree = "<group>"; };
		9B39B0CB29E19B740055F31E /* CoreImage.framework */ = {isa = PBXFileReference; lastKnownFileType = wrapper.framework; name = CoreImage.framework; path = System/Library/Frameworks/CoreImage.framework; sourceTree = SDKROOT; };
		9B4D90D72A0BAE3900FE7603 /* ImageSettingsView.swift */ = {isa = PBXFileReference; lastKnownFileType = sourcecode.swift; path = ImageSettingsView.swift; sourceTree = "<group>"; };
		9B4D90D92A0BAF9E00FE7603 /* GeneralLabelSettingsView.swift */ = {isa = PBXFileReference; lastKnownFileType = sourcecode.swift; path = GeneralLabelSettingsView.swift; sourceTree = "<group>"; };
		9B4D90DB2A0BB07500FE7603 /* ConfigurationSettingsView.swift */ = {isa = PBXFileReference; lastKnownFileType = sourcecode.swift; path = ConfigurationSettingsView.swift; sourceTree = "<group>"; };
		9B4D90DD2A0BB11000FE7603 /* DatabaseSettingsView.swift */ = {isa = PBXFileReference; lastKnownFileType = sourcecode.swift; path = DatabaseSettingsView.swift; sourceTree = "<group>"; };
		9B51D21529E9B13400DF7836 /* SettingsModels.swift */ = {isa = PBXFileReference; lastKnownFileType = sourcecode.swift; path = SettingsModels.swift; sourceTree = "<group>"; };
		9B61B44129F03866003EC14A /* libswiftCoreGraphics.tbd */ = {isa = PBXFileReference; lastKnownFileType = "sourcecode.text-based-dylib-definition"; name = libswiftCoreGraphics.tbd; path = usr/lib/swift/libswiftCoreGraphics.tbd; sourceTree = SDKROOT; };
		9B61B44329F0387C003EC14A /* CoreGraphics.framework */ = {isa = PBXFileReference; lastKnownFileType = wrapper.framework; name = CoreGraphics.framework; path = System/Library/Frameworks/CoreGraphics.framework; sourceTree = SDKROOT; };
		9B653ABA29F2C2E700C64999 /* UserAlertView.swift */ = {isa = PBXFileReference; lastKnownFileType = sourcecode.swift; path = UserAlertView.swift; sourceTree = "<group>"; };
		9B653ABC29F2C64600C64999 /* ErrorViewModel.swift */ = {isa = PBXFileReference; lastKnownFileType = sourcecode.swift; path = ErrorViewModel.swift; sourceTree = "<group>"; };
		9B9CA0F42A1A9ADD004E337A /* MarkerData.xcdatamodel */ = {isa = PBXFileReference; lastKnownFileType = wrapper.xcdatamodel; path = MarkerData.xcdatamodel; sourceTree = "<group>"; };
		9B9CA1162A1A9BBB004E337A /* PersistenceController.swift */ = {isa = PBXFileReference; lastKnownFileType = sourcecode.swift; path = PersistenceController.swift; sourceTree = "<group>"; };
		9BACA4D029FA9B5100EF6837 /* SettingsStore.swift */ = {isa = PBXFileReference; lastKnownFileType = sourcecode.swift; path = SettingsStore.swift; sourceTree = "<group>"; };
		D5F74A2D2972D31C00EEE2FE /* Marker Data.app */ = {isa = PBXFileReference; explicitFileType = wrapper.application; includeInIndex = 0; path = "Marker Data.app"; sourceTree = BUILT_PRODUCTS_DIR; };
		D5F74A302972D31D00EEE2FE /* Marker_DataApp.swift */ = {isa = PBXFileReference; lastKnownFileType = sourcecode.swift; path = Marker_DataApp.swift; sourceTree = "<group>"; };
		D5F74A322972D31D00EEE2FE /* ContentView.swift */ = {isa = PBXFileReference; lastKnownFileType = sourcecode.swift; path = ContentView.swift; sourceTree = "<group>"; };
		D5F74A342972D32100EEE2FE /* Assets.xcassets */ = {isa = PBXFileReference; lastKnownFileType = folder.assetcatalog; path = Assets.xcassets; sourceTree = "<group>"; };
		D5F74A372972D32100EEE2FE /* Preview Assets.xcassets */ = {isa = PBXFileReference; lastKnownFileType = folder.assetcatalog; path = "Preview Assets.xcassets"; sourceTree = "<group>"; };
		D5F74A392972D32100EEE2FE /* Marker_Data.entitlements */ = {isa = PBXFileReference; lastKnownFileType = text.plist.entitlements; path = Marker_Data.entitlements; sourceTree = "<group>"; };
		D5F74A3F2972DFD800EEE2FE /* Marker-Data-Info.plist */ = {isa = PBXFileReference; lastKnownFileType = text.plist; path = "Marker-Data-Info.plist"; sourceTree = SOURCE_ROOT; };
/* End PBXFileReference section */

/* Begin PBXFrameworksBuildPhase section */
		D5F74A2A2972D31C00EEE2FE /* Frameworks */ = {
			isa = PBXFrameworksBuildPhase;
			buildActionMask = 2147483647;
			files = (
				4100D5E72AD19C980081F0EC /* FilePicker in Frameworks */,
				41EC60CB2AFFBC0700F0A131 /* MarkersExtractor in Frameworks */,
				41C8399B2B52D78900C6B133 /* AVFoundation.framework in Frameworks */,
				9B61B44229F03866003EC14A /* libswiftCoreGraphics.tbd in Frameworks */,
				41C538A22AE420EA00E8A8A1 /* ColorWellKit in Frameworks */,
				D5F74A512973019000EEE2FE /* OrderedCollections in Frameworks */,
				D5F74A4F2973019000EEE2FE /* DequeModule in Frameworks */,
				41C839992B52D77200C6B133 /* Cocoa.framework in Frameworks */,
				41BFEB702B1BA4CC00C8B551 /* PasswordField in Frameworks */,
				D5F74A4D2973019000EEE2FE /* Collections in Frameworks */,
				D5F74A472972FE7C00EEE2FE /* AirtableKit in Frameworks */,
			);
			runOnlyForDeploymentPostprocessing = 0;
		};
/* End PBXFrameworksBuildPhase section */

/* Begin PBXGroup section */
		4100D5DC2AD051DB0081F0EC /* Label */ = {
			isa = PBXGroup;
			children = (
				4779AF582A4FC06C00F1B48B /* LabelSettingsView.swift */,
				9B4D90D92A0BAF9E00FE7603 /* GeneralLabelSettingsView.swift */,
				4100D5DD2AD052010081F0EC /* OverlaySettingsView.swift */,
			);
			path = Label;
			sourceTree = "<group>";
		};
		4100D5E22AD161570081F0EC /* Extensions */ = {
			isa = PBXGroup;
			children = (
				47411FDB2A3EA140005890FE /* ViewExtensions.swift */,
				4100D5E32AD1616D0081F0EC /* ColorExtension.swift */,
				4100D5EB2AD1A1F80081F0EC /* UTTypeExtension.swift */,
				414262BA2AD2E1AC00FC6CFC /* URLExtension.swift */,
				414262BC2AD2E24A00FC6CFC /* BundleExtension.swift */,
				41BFEB762B1E63EA00C8B551 /* ExportProfileFormatExtrension.swift */,
			);
			path = Extensions;
			sourceTree = "<group>";
		};
		411F37482B56F1C600CC05E6 /* Install View */ = {
			isa = PBXGroup;
			children = (
				411F37462B56F11400CC05E6 /* InstallShareDestinationView.swift */,
				411F37492B56F22300CC05E6 /* ShareDestinationInstaller.swift */,
			);
			path = "Install View";
			sourceTree = "<group>";
		};
		414262BE2AD5CE1900FC6CFC /* Errors */ = {
			isa = PBXGroup;
			children = (
				9B653ABC29F2C64600C64999 /* ErrorViewModel.swift */,
				414262BF2AD5CE3200FC6CFC /* ConfigurationErrors.swift */,
				41F88AF92B0FF62A004A3B58 /* DatabaseErrors.swift */,
				415619662B3A18D60032E82C /* ExtractError.swift */,
			);
			path = Errors;
			sourceTree = "<group>";
		};
		414262C32ADAC6B100FC6CFC /* Resources */ = {
			isa = PBXGroup;
			children = (
				41C839302B52C82A00C6B133 /* OSAScriptingDefinition.sdef */,
				411F374B2B56F3F400CC05E6 /* MarkerData.fcpxdest */,
				417272A32B48665A005A04BE /* csv2notion_neo */,
				414262C42ADAC6EC00FC6CFC /* DefaultConfiguration.json */,
			);
			path = Resources;
			sourceTree = "<group>";
		};
		41BFEB732B1BD15A00C8B551 /* Other */ = {
			isa = PBXGroup;
			children = (
				41EBAD512AF8172F00E6AF7C /* MainViews.swift */,
				41BFEB6C2B1B9B6400C8B551 /* Links.swift */,
				414262C12AD5D34D00FC6CFC /* ConfigurationsModel.swift */,
				41EBAD4F2AF7B6F200E6AF7C /* WindowSize.swift */,
				4172729F2B46F65A005A04BE /* UnifiedExportProfile.swift */,
			);
			path = Other;
			sourceTree = "<group>";
		};
		41C538922AE1AFC600E8A8A1 /* Settings */ = {
			isa = PBXGroup;
			children = (
				41C538932AE1AFF200E8A8A1 /* SettingsContainer.swift */,
				9BACA4D029FA9B5100EF6837 /* SettingsStore.swift */,
				9B51D21529E9B13400DF7836 /* SettingsModels.swift */,
			);
			path = Settings;
			sourceTree = "<group>";
		};
		41C538952AE3018100E8A8A1 /* Menu Bar Commands */ = {
			isa = PBXGroup;
			children = (
				411F374D2B56FB5B00CC05E6 /* AppCommands.swift */,
				41C5389A2AE3067900E8A8A1 /* ConfigurationCommands.swift */,
				41C538982AE3062000E8A8A1 /* HelpCommands.swift */,
			);
			path = "Menu Bar Commands";
			sourceTree = "<group>";
		};
		41C839322B52C91600C6B133 /* FCP Share Destination */ = {
			isa = PBXGroup;
			children = (
				411F37482B56F1C600CC05E6 /* Install View */,
				41C839692B52C9E300C6B133 /* Objective-C Code */,
				41C839332B52C94000C6B133 /* ApplicationDelegate.swift */,
			);
			path = "FCP Share Destination";
			sourceTree = "<group>";
		};
		41C839692B52C9E300C6B133 /* Objective-C Code */ = {
			isa = PBXGroup;
			children = (
				41C839902B52CA3300C6B133 /* Scripting */,
				41C839912B52CAA600C6B133 /* Document Controller */,
			);
			path = "Objective-C Code";
			sourceTree = "<group>";
		};
		41C839902B52CA3300C6B133 /* Scripting */ = {
			isa = PBXGroup;
			children = (
				41C8396A2B52C9E300C6B133 /* MakeCommand.h */,
				411F37382B53D84200CC05E6 /* MakeCommand.m */,
				41C8397B2B52C9E300C6B133 /* Object.h */,
				41C8396C2B52C9E300C6B133 /* Object.m */,
				41C8397E2B52C9E300C6B133 /* Asset.h */,
				41C8396F2B52C9E300C6B133 /* Asset.m */,
				41C8397A2B52C9E300C6B133 /* Document.h */,
				41C8396D2B52C9E300C6B133 /* Document.m */,
				41C839772B52C9E300C6B133 /* ScriptingSupportCategories.h */,
				41C8396B2B52C9E300C6B133 /* ScriptingSupportCategories.m */,
				41C8397C2B52C9E300C6B133 /* FCPXMetadataKeys.h */,
				41C839712B52C9E300C6B133 /* FCPXMetadataKeys.m */,
				41C8397F2B52C9E300C6B133 /* MediaAssetHelperKeys.h */,
				41C839762B52C9E300C6B133 /* MediaAssetHelperKeys.m */,
			);
			path = Scripting;
			sourceTree = "<group>";
		};
		41C839912B52CAA600C6B133 /* Document Controller */ = {
			isa = PBXGroup;
			children = (
				41C839792B52C9E300C6B133 /* DocumentController.h */,
				41C8396E2B52C9E300C6B133 /* DocumentController.m */,
			);
			path = "Document Controller";
			sourceTree = "<group>";
		};
		41F88AE12B0C8360004A3B58 /* Shell */ = {
			isa = PBXGroup;
			children = (
				41F88AE22B0C839B004A3B58 /* Shell.swift */,
				41F88B022B1A4D40004A3B58 /* ShellOutputStream.swift */,
				41F88AE42B0C83DE004A3B58 /* ShellResult.swift */,
			);
			path = Shell;
			sourceTree = "<group>";
		};
		41F88AE62B0E9126004A3B58 /* Database */ = {
			isa = PBXGroup;
			children = (
				41F88AF02B0E9367004A3B58 /* DatabaseManager.swift */,
				41F88AE72B0E9176004A3B58 /* DatabaseProfileModel.swift */,
				41F88AED2B0E92A2004A3B58 /* Platoform models */,
			);
			path = Database;
			sourceTree = "<group>";
		};
		41F88AED2B0E92A2004A3B58 /* Platoform models */ = {
			isa = PBXGroup;
			children = (
				41F88AEB2B0E9224004A3B58 /* DatabasePlatform.swift */,
				41F88AEE2B0E92E9004A3B58 /* NotionDBModel.swift */,
			);
			path = "Platoform models";
			sourceTree = "<group>";
		};
		41F88AF32B0E9D8E004A3B58 /* Database */ = {
			isa = PBXGroup;
			children = (
				9B4D90DD2A0BB11000FE7603 /* DatabaseSettingsView.swift */,
				41F88AF52B0E9DBF004A3B58 /* CreateDBProfileSheet.swift */,
				41F88AF72B0FDCF7004A3B58 /* ProfileCredentialModel.swift */,
			);
			path = Database;
			sourceTree = "<group>";
		};
		41F88AFF2B12644A004A3B58 /* Extract */ = {
			isa = PBXGroup;
			children = (
				47F5CDF72A60CA43005D9A98 /* ExtractionModel.swift */,
				41F88AFD2B126439004A3B58 /* ExtractionResult.swift */,
				41BFEB782B1F925800C8B551 /* ExportProcess.swift */,
				4156196A2B3AE41F0032E82C /* ProgressViewModel.swift */,
				417272972B444211005A04BE /* ExportExitStatus.swift */,
			);
			path = Extract;
			sourceTree = "<group>";
		};
		47136CBE2A51079E00AB9C92 /* Main */ = {
			isa = PBXGroup;
			children = (
				D5F74A322972D31D00EEE2FE /* ContentView.swift */,
				417389622AC86BE600984FD8 /* ExtractView.swift */,
			);
			path = Main;
			sourceTree = "<group>";
		};
		47411FD82A3EA121005890FE /* Buttons */ = {
			isa = PBXGroup;
			children = (
				47411FD92A3EA121005890FE /* HelpButton.swift */,
			);
			path = Buttons;
			sourceTree = "<group>";
		};
		474595352A40110F00EF100D /* Components */ = {
			isa = PBXGroup;
			children = (
				474595362A40113000EF100D /* LabeledTextboxStepperForm.swift */,
				474595572A40254E00EF100D /* ColorPickerOpacitySliderForm.swift */,
				41F88ADB2B029D4A004A3B58 /* ColorPickerForm.swift */,
				411F37442B56DE7400CC05E6 /* PulsingIcon.swift */,
			);
			path = Components;
			sourceTree = "<group>";
		};
		47B21A6E2A4DF96D004FECFA /* Other */ = {
			isa = PBXGroup;
			children = (
				9B653ABA29F2C2E700C64999 /* UserAlertView.swift */,
				9B35FE6729F94C110035B760 /* PickerViews.swift */,
				41BFEB712B1BCE4600C8B551 /* ExportProfilePicker.swift */,
				417272992B44533D005A04BE /* FailedExtractionsView.swift */,
				417272A12B484B82005A04BE /* ExportDestinationPicker.swift */,
			);
			path = Other;
			sourceTree = "<group>";
		};
		9B25815C2A079FBC002CED07 /* Detail Views */ = {
			isa = PBXGroup;
			children = (
				9B25815D2A07A286002CED07 /* GeneralSettingsView.swift */,
				9B4D90D72A0BAE3900FE7603 /* ImageSettingsView.swift */,
				4100D5DC2AD051DB0081F0EC /* Label */,
				9B4D90DB2A0BB07500FE7603 /* ConfigurationSettingsView.swift */,
				41F88AF32B0E9D8E004A3B58 /* Database */,
				47411FDD2A3EA1BA005890FE /* AboutView.swift */,
			);
			path = "Detail Views";
			sourceTree = "<group>";
		};
		9B35FE6629F94BF30035B760 /* Views */ = {
			isa = PBXGroup;
			children = (
				47136CBE2A51079E00AB9C92 /* Main */,
				9B25815C2A079FBC002CED07 /* Detail Views */,
				47B21A6E2A4DF96D004FECFA /* Other */,
				474595352A40110F00EF100D /* Components */,
				41C538952AE3018100E8A8A1 /* Menu Bar Commands */,
				47411FD82A3EA121005890FE /* Buttons */,
			);
			path = Views;
			sourceTree = "<group>";
		};
		9B39B0CA29E19B740055F31E /* Frameworks */ = {
			isa = PBXGroup;
			children = (
				41C8399A2B52D78900C6B133 /* AVFoundation.framework */,
				41C839982B52D77200C6B133 /* Cocoa.framework */,
				9B61B44329F0387C003EC14A /* CoreGraphics.framework */,
				9B61B44129F03866003EC14A /* libswiftCoreGraphics.tbd */,
				9B39B0CB29E19B740055F31E /* CoreImage.framework */,
			);
			name = Frameworks;
			sourceTree = "<group>";
		};
		9B51D20F29E99FFD00DF7836 /* Utilities */ = {
			isa = PBXGroup;
			children = (
				41F88AE12B0C8360004A3B58 /* Shell */,
				4100D5E22AD161570081F0EC /* Extensions */,
				4741202D2A3EFC42005890FE /* Miscellaneous Utilities.swift */,
				410E3B802B4B0FF8005280FD /* LogManager.swift */,
				411F373A2B55B77100CC05E6 /* LibraryFolders.swift */,
			);
			path = Utilities;
			sourceTree = "<group>";
		};
		9B51D21429E9B10500DF7836 /* Models */ = {
			isa = PBXGroup;
			children = (
				41F88AFF2B12644A004A3B58 /* Extract */,
				41C538922AE1AFC600E8A8A1 /* Settings */,
				9B9CA1152A1A9B97004E337A /* Core Data */,
				41F88AE62B0E9126004A3B58 /* Database */,
				414262BE2AD5CE1900FC6CFC /* Errors */,
				41BFEB732B1BD15A00C8B551 /* Other */,
			);
			path = Models;
			sourceTree = "<group>";
		};
		9B9CA1152A1A9B97004E337A /* Core Data */ = {
			isa = PBXGroup;
			children = (
				9B9CA0F32A1A9ADD004E337A /* MarkerData.xcdatamodeld */,
				9B9CA1162A1A9BBB004E337A /* PersistenceController.swift */,
				9B244B3F2A24B495005620D8 /* Configuration+Extensions.swift */,
			);
			path = "Core Data";
			sourceTree = "<group>";
		};
		D5F74A242972D31C00EEE2FE = {
			isa = PBXGroup;
			children = (
				D5F74A2F2972D31C00EEE2FE /* Marker Data */,
				D5F74A2E2972D31C00EEE2FE /* Products */,
				9B39B0CA29E19B740055F31E /* Frameworks */,
			);
			sourceTree = "<group>";
		};
		D5F74A2E2972D31C00EEE2FE /* Products */ = {
			isa = PBXGroup;
			children = (
				D5F74A2D2972D31C00EEE2FE /* Marker Data.app */,
			);
			name = Products;
			sourceTree = "<group>";
		};
		D5F74A2F2972D31C00EEE2FE /* Marker Data */ = {
			isa = PBXGroup;
			children = (
				D5F74A302972D31D00EEE2FE /* Marker_DataApp.swift */,
				9B35FE6629F94BF30035B760 /* Views */,
				9B51D21429E9B10500DF7836 /* Models */,
				9B51D20F29E99FFD00DF7836 /* Utilities */,
				414262C32ADAC6B100FC6CFC /* Resources */,
				41C839322B52C91600C6B133 /* FCP Share Destination */,
				D5F74A3F2972DFD800EEE2FE /* Marker-Data-Info.plist */,
				D5F74A342972D32100EEE2FE /* Assets.xcassets */,
				D5F74A392972D32100EEE2FE /* Marker_Data.entitlements */,
				D5F74A362972D32100EEE2FE /* Preview Content */,
			);
			path = "Marker Data";
			sourceTree = "<group>";
		};
		D5F74A362972D32100EEE2FE /* Preview Content */ = {
			isa = PBXGroup;
			children = (
				D5F74A372972D32100EEE2FE /* Preview Assets.xcassets */,
			);
			path = "Preview Content";
			sourceTree = "<group>";
		};
/* End PBXGroup section */

/* Begin PBXNativeTarget section */
		D5F74A2C2972D31C00EEE2FE /* Marker Data */ = {
			isa = PBXNativeTarget;
			buildConfigurationList = D5F74A3C2972D32100EEE2FE /* Build configuration list for PBXNativeTarget "Marker Data" */;
			buildPhases = (
				D5F74A292972D31C00EEE2FE /* Sources */,
				D5F74A2A2972D31C00EEE2FE /* Frameworks */,
				D5F74A2B2972D31C00EEE2FE /* Resources */,
				D5F74A552974A24600EEE2FE /* CopyFiles */,
			);
			buildRules = (
			);
			dependencies = (
			);
			name = "Marker Data";
			packageProductDependencies = (
				D5F74A462972FE7C00EEE2FE /* AirtableKit */,
				D5F74A4C2973019000EEE2FE /* Collections */,
				D5F74A4E2973019000EEE2FE /* DequeModule */,
				D5F74A502973019000EEE2FE /* OrderedCollections */,
				4100D5E62AD19C980081F0EC /* FilePicker */,
				41C538A12AE420EA00E8A8A1 /* ColorWellKit */,
				41EC60CA2AFFBC0700F0A131 /* MarkersExtractor */,
				41BFEB6F2B1BA4CC00C8B551 /* PasswordField */,
			);
			productName = "Marker Data";
			productReference = D5F74A2D2972D31C00EEE2FE /* Marker Data.app */;
			productType = "com.apple.product-type.application";
		};
/* End PBXNativeTarget section */

/* Begin PBXProject section */
		D5F74A252972D31C00EEE2FE /* Project object */ = {
			isa = PBXProject;
			attributes = {
				BuildIndependentTargetsInParallel = 1;
				LastSwiftUpdateCheck = 1420;
				LastUpgradeCheck = 1500;
				TargetAttributes = {
					D5F74A2C2972D31C00EEE2FE = {
						CreatedOnToolsVersion = 14.2;
					};
				};
			};
			buildConfigurationList = D5F74A282972D31C00EEE2FE /* Build configuration list for PBXProject "Marker Data" */;
			compatibilityVersion = "Xcode 14.0";
			developmentRegion = en;
			hasScannedForEncodings = 0;
			knownRegions = (
				en,
				Base,
			);
			mainGroup = D5F74A242972D31C00EEE2FE;
			packageReferences = (
				D5F74A452972FE7C00EEE2FE /* XCRemoteSwiftPackageReference "AirtableKit" */,
				D5F74A4B2973019000EEE2FE /* XCRemoteSwiftPackageReference "swift-collections" */,
				4100D5E52AD19C980081F0EC /* XCRemoteSwiftPackageReference "FilePicker" */,
				41C538A02AE420EA00E8A8A1 /* XCRemoteSwiftPackageReference "ColorWellKit" */,
				41EC60C92AFFBC0700F0A131 /* XCRemoteSwiftPackageReference "MarkersExtractor" */,
				41BFEB6E2B1BA4CC00C8B551 /* XCRemoteSwiftPackageReference "PasswordField" */,
			);
			productRefGroup = D5F74A2E2972D31C00EEE2FE /* Products */;
			projectDirPath = "";
			projectRoot = "";
			targets = (
				D5F74A2C2972D31C00EEE2FE /* Marker Data */,
			);
		};
/* End PBXProject section */

/* Begin PBXResourcesBuildPhase section */
		D5F74A2B2972D31C00EEE2FE /* Resources */ = {
			isa = PBXResourcesBuildPhase;
			buildActionMask = 2147483647;
			files = (
				417272A42B48665A005A04BE /* csv2notion_neo in Resources */,
				D5F74A382972D32100EEE2FE /* Preview Assets.xcassets in Resources */,
				D5F74A352972D32100EEE2FE /* Assets.xcassets in Resources */,
				414262C52ADAC6EC00FC6CFC /* DefaultConfiguration.json in Resources */,
				411F374C2B56F3F400CC05E6 /* MarkerData.fcpxdest in Resources */,
				41C839312B52C82A00C6B133 /* OSAScriptingDefinition.sdef in Resources */,
			);
			runOnlyForDeploymentPostprocessing = 0;
		};
/* End PBXResourcesBuildPhase section */

/* Begin PBXSourcesBuildPhase section */
		D5F74A292972D31C00EEE2FE /* Sources */ = {
			isa = PBXSourcesBuildPhase;
			buildActionMask = 2147483647;
			files = (
				41C839832B52C9E300C6B133 /* Object.m in Sources */,
				411F37452B56DE7400CC05E6 /* PulsingIcon.swift in Sources */,
				4156196B2B3AE41F0032E82C /* ProgressViewModel.swift in Sources */,
				4741202E2A3EFC42005890FE /* Miscellaneous Utilities.swift in Sources */,
				417272A22B484B82005A04BE /* ExportDestinationPicker.swift in Sources */,
				9B244B3E2A24AB5D005620D8 /* MarkerData.xcdatamodeld in Sources */,
				47411FDC2A3EA140005890FE /* ViewExtensions.swift in Sources */,
				41F88AEC2B0E9224004A3B58 /* DatabasePlatform.swift in Sources */,
				41F88AEF2B0E92E9004A3B58 /* NotionDBModel.swift in Sources */,
				41BFEB772B1E63EB00C8B551 /* ExportProfileFormatExtrension.swift in Sources */,
				417389632AC86BE600984FD8 /* ExtractView.swift in Sources */,
				41C538992AE3062000E8A8A1 /* HelpCommands.swift in Sources */,
				47411FDE2A3EA1BA005890FE /* AboutView.swift in Sources */,
				414262BB2AD2E1AC00FC6CFC /* URLExtension.swift in Sources */,
				41F88B032B1A4D40004A3B58 /* ShellOutputStream.swift in Sources */,
				41F88AFE2B126439004A3B58 /* ExtractionResult.swift in Sources */,
				9B51D21629E9B13400DF7836 /* SettingsModels.swift in Sources */,
				414262BD2AD2E24A00FC6CFC /* BundleExtension.swift in Sources */,
				4100D5EC2AD1A1F80081F0EC /* UTTypeExtension.swift in Sources */,
				4100D5DE2AD052010081F0EC /* OverlaySettingsView.swift in Sources */,
				41C839872B52C9E300C6B133 /* FCPXMetadataKeys.m in Sources */,
				9B4D90D82A0BAE3900FE7603 /* ImageSettingsView.swift in Sources */,
				41C5389B2AE3067900E8A8A1 /* ConfigurationCommands.swift in Sources */,
				9B25815E2A07A286002CED07 /* GeneralSettingsView.swift in Sources */,
				9BACA4D129FA9B5100EF6837 /* SettingsStore.swift in Sources */,
				41F88AFA2B0FF62A004A3B58 /* DatabaseErrors.swift in Sources */,
				415619672B3A18D60032E82C /* ExtractError.swift in Sources */,
				417272982B444211005A04BE /* ExportExitStatus.swift in Sources */,
				41F88AF12B0E9367004A3B58 /* DatabaseManager.swift in Sources */,
				4100D5E42AD1616D0081F0EC /* ColorExtension.swift in Sources */,
				9B4D90DE2A0BB11000FE7603 /* DatabaseSettingsView.swift in Sources */,
				9B653ABB29F2C2E700C64999 /* UserAlertView.swift in Sources */,
				41F88AF62B0E9DBF004A3B58 /* CreateDBProfileSheet.swift in Sources */,
				9B35FE6829F94C110035B760 /* PickerViews.swift in Sources */,
				41C839842B52C9E300C6B133 /* Document.m in Sources */,
				41EBAD522AF8172F00E6AF7C /* MainViews.swift in Sources */,
				411F373B2B55B77100CC05E6 /* LibraryFolders.swift in Sources */,
				411F37472B56F11400CC05E6 /* InstallShareDestinationView.swift in Sources */,
				41C839862B52C9E300C6B133 /* Asset.m in Sources */,
				41C8398B2B52C9E300C6B133 /* MediaAssetHelperKeys.m in Sources */,
				D5F74A332972D31D00EEE2FE /* ContentView.swift in Sources */,
				41F88AE32B0C839B004A3B58 /* Shell.swift in Sources */,
				4779AF592A4FC06C00F1B48B /* LabelSettingsView.swift in Sources */,
				9B4D90DA2A0BAF9E00FE7603 /* GeneralLabelSettingsView.swift in Sources */,
				411F37392B53D84200CC05E6 /* MakeCommand.m in Sources */,
				411F374A2B56F22300CC05E6 /* ShareDestinationInstaller.swift in Sources */,
				47F5CDF82A60CA43005D9A98 /* ExtractionModel.swift in Sources */,
				411F374E2B56FB5B00CC05E6 /* AppCommands.swift in Sources */,
				9B653ABD29F2C64600C64999 /* ErrorViewModel.swift in Sources */,
				41C839852B52C9E300C6B133 /* DocumentController.m in Sources */,
				41EBAD502AF7B6F200E6AF7C /* WindowSize.swift in Sources */,
				41BFEB792B1F925800C8B551 /* ExportProcess.swift in Sources */,
				41C538942AE1AFF200E8A8A1 /* SettingsContainer.swift in Sources */,
				414262C02AD5CE3200FC6CFC /* ConfigurationErrors.swift in Sources */,
				D5F74A312972D31D00EEE2FE /* Marker_DataApp.swift in Sources */,
				41F88AF82B0FDCF7004A3B58 /* ProfileCredentialModel.swift in Sources */,
				41F88ADC2B029D4A004A3B58 /* ColorPickerForm.swift in Sources */,
				41C839822B52C9E300C6B133 /* ScriptingSupportCategories.m in Sources */,
				474595582A40254E00EF100D /* ColorPickerOpacitySliderForm.swift in Sources */,
				410E3B812B4B0FF8005280FD /* LogManager.swift in Sources */,
				41F88AE82B0E9176004A3B58 /* DatabaseProfileModel.swift in Sources */,
				41C839342B52C94000C6B133 /* ApplicationDelegate.swift in Sources */,
				47411FDA2A3EA121005890FE /* HelpButton.swift in Sources */,
				9B4D90DC2A0BB07500FE7603 /* ConfigurationSettingsView.swift in Sources */,
				41BFEB722B1BCE4600C8B551 /* ExportProfilePicker.swift in Sources */,
				417272A02B46F65A005A04BE /* UnifiedExportProfile.swift in Sources */,
				414262C22AD5D34D00FC6CFC /* ConfigurationsModel.swift in Sources */,
				41BFEB6D2B1B9B6400C8B551 /* Links.swift in Sources */,
				4172729A2B44533D005A04BE /* FailedExtractionsView.swift in Sources */,
				41F88AE52B0C83DE004A3B58 /* ShellResult.swift in Sources */,
				9B9CA1172A1A9BBB004E337A /* PersistenceController.swift in Sources */,
				474595372A40113000EF100D /* LabeledTextboxStepperForm.swift in Sources */,
			);
			runOnlyForDeploymentPostprocessing = 0;
		};
/* End PBXSourcesBuildPhase section */

/* Begin XCBuildConfiguration section */
		D5F74A3A2972D32100EEE2FE /* Debug */ = {
			isa = XCBuildConfiguration;
			buildSettings = {
				ALWAYS_SEARCH_USER_PATHS = NO;
				CLANG_ANALYZER_NONNULL = YES;
				CLANG_ANALYZER_NUMBER_OBJECT_CONVERSION = YES_AGGRESSIVE;
				CLANG_CXX_LANGUAGE_STANDARD = "gnu++20";
				CLANG_ENABLE_MODULES = YES;
				CLANG_ENABLE_OBJC_ARC = YES;
				CLANG_ENABLE_OBJC_WEAK = YES;
				CLANG_WARN_BLOCK_CAPTURE_AUTORELEASING = YES;
				CLANG_WARN_BOOL_CONVERSION = YES;
				CLANG_WARN_COMMA = YES;
				CLANG_WARN_CONSTANT_CONVERSION = YES;
				CLANG_WARN_DEPRECATED_OBJC_IMPLEMENTATIONS = YES;
				CLANG_WARN_DIRECT_OBJC_ISA_USAGE = YES_ERROR;
				CLANG_WARN_DOCUMENTATION_COMMENTS = YES;
				CLANG_WARN_EMPTY_BODY = YES;
				CLANG_WARN_ENUM_CONVERSION = YES;
				CLANG_WARN_INFINITE_RECURSION = YES;
				CLANG_WARN_INT_CONVERSION = YES;
				CLANG_WARN_NON_LITERAL_NULL_CONVERSION = YES;
				CLANG_WARN_OBJC_IMPLICIT_RETAIN_SELF = YES;
				CLANG_WARN_OBJC_LITERAL_CONVERSION = YES;
				CLANG_WARN_OBJC_ROOT_CLASS = YES_ERROR;
				CLANG_WARN_QUOTED_INCLUDE_IN_FRAMEWORK_HEADER = YES;
				CLANG_WARN_RANGE_LOOP_ANALYSIS = YES;
				CLANG_WARN_STRICT_PROTOTYPES = YES;
				CLANG_WARN_SUSPICIOUS_MOVE = YES;
				CLANG_WARN_UNGUARDED_AVAILABILITY = YES_AGGRESSIVE;
				CLANG_WARN_UNREACHABLE_CODE = YES;
				CLANG_WARN__DUPLICATE_METHOD_MATCH = YES;
				COPY_PHASE_STRIP = NO;
				DEAD_CODE_STRIPPING = YES;
				DEBUG_INFORMATION_FORMAT = dwarf;
				ENABLE_STRICT_OBJC_MSGSEND = YES;
				ENABLE_TESTABILITY = YES;
				ENABLE_USER_SCRIPT_SANDBOXING = YES;
				GCC_C_LANGUAGE_STANDARD = gnu11;
				GCC_DYNAMIC_NO_PIC = NO;
				GCC_NO_COMMON_BLOCKS = YES;
				GCC_OPTIMIZATION_LEVEL = 0;
				GCC_PREPROCESSOR_DEFINITIONS = (
					"DEBUG=1",
					"$(inherited)",
				);
				GCC_WARN_64_TO_32_BIT_CONVERSION = YES;
				GCC_WARN_ABOUT_RETURN_TYPE = YES_ERROR;
				GCC_WARN_UNDECLARED_SELECTOR = YES;
				GCC_WARN_UNINITIALIZED_AUTOS = YES_AGGRESSIVE;
				GCC_WARN_UNUSED_FUNCTION = YES;
				GCC_WARN_UNUSED_VARIABLE = YES;
				MACOSX_DEPLOYMENT_TARGET = 13.0;
				MTL_ENABLE_DEBUG_INFO = INCLUDE_SOURCE;
				MTL_FAST_MATH = YES;
				ONLY_ACTIVE_ARCH = YES;
				SDKROOT = macosx;
				SWIFT_ACTIVE_COMPILATION_CONDITIONS = DEBUG;
				SWIFT_OPTIMIZATION_LEVEL = "-Onone";
			};
			name = Debug;
		};
		D5F74A3B2972D32100EEE2FE /* Release */ = {
			isa = XCBuildConfiguration;
			buildSettings = {
				ALWAYS_SEARCH_USER_PATHS = NO;
				CLANG_ANALYZER_NONNULL = YES;
				CLANG_ANALYZER_NUMBER_OBJECT_CONVERSION = YES_AGGRESSIVE;
				CLANG_CXX_LANGUAGE_STANDARD = "gnu++20";
				CLANG_ENABLE_MODULES = YES;
				CLANG_ENABLE_OBJC_ARC = YES;
				CLANG_ENABLE_OBJC_WEAK = YES;
				CLANG_WARN_BLOCK_CAPTURE_AUTORELEASING = YES;
				CLANG_WARN_BOOL_CONVERSION = YES;
				CLANG_WARN_COMMA = YES;
				CLANG_WARN_CONSTANT_CONVERSION = YES;
				CLANG_WARN_DEPRECATED_OBJC_IMPLEMENTATIONS = YES;
				CLANG_WARN_DIRECT_OBJC_ISA_USAGE = YES_ERROR;
				CLANG_WARN_DOCUMENTATION_COMMENTS = YES;
				CLANG_WARN_EMPTY_BODY = YES;
				CLANG_WARN_ENUM_CONVERSION = YES;
				CLANG_WARN_INFINITE_RECURSION = YES;
				CLANG_WARN_INT_CONVERSION = YES;
				CLANG_WARN_NON_LITERAL_NULL_CONVERSION = YES;
				CLANG_WARN_OBJC_IMPLICIT_RETAIN_SELF = YES;
				CLANG_WARN_OBJC_LITERAL_CONVERSION = YES;
				CLANG_WARN_OBJC_ROOT_CLASS = YES_ERROR;
				CLANG_WARN_QUOTED_INCLUDE_IN_FRAMEWORK_HEADER = YES;
				CLANG_WARN_RANGE_LOOP_ANALYSIS = YES;
				CLANG_WARN_STRICT_PROTOTYPES = YES;
				CLANG_WARN_SUSPICIOUS_MOVE = YES;
				CLANG_WARN_UNGUARDED_AVAILABILITY = YES_AGGRESSIVE;
				CLANG_WARN_UNREACHABLE_CODE = YES;
				CLANG_WARN__DUPLICATE_METHOD_MATCH = YES;
				COPY_PHASE_STRIP = NO;
				DEAD_CODE_STRIPPING = YES;
				DEBUG_INFORMATION_FORMAT = "dwarf-with-dsym";
				ENABLE_NS_ASSERTIONS = NO;
				ENABLE_STRICT_OBJC_MSGSEND = YES;
				ENABLE_USER_SCRIPT_SANDBOXING = YES;
				GCC_C_LANGUAGE_STANDARD = gnu11;
				GCC_NO_COMMON_BLOCKS = YES;
				GCC_WARN_64_TO_32_BIT_CONVERSION = YES;
				GCC_WARN_ABOUT_RETURN_TYPE = YES_ERROR;
				GCC_WARN_UNDECLARED_SELECTOR = YES;
				GCC_WARN_UNINITIALIZED_AUTOS = YES_AGGRESSIVE;
				GCC_WARN_UNUSED_FUNCTION = YES;
				GCC_WARN_UNUSED_VARIABLE = YES;
				MACOSX_DEPLOYMENT_TARGET = 13.0;
				MTL_ENABLE_DEBUG_INFO = NO;
				MTL_FAST_MATH = YES;
				SDKROOT = macosx;
				SWIFT_COMPILATION_MODE = wholemodule;
				SWIFT_OPTIMIZATION_LEVEL = "-O";
			};
			name = Release;
		};
		D5F74A3D2972D32100EEE2FE /* Debug */ = {
			isa = XCBuildConfiguration;
			buildSettings = {
				ASSETCATALOG_COMPILER_APPICON_NAME = AppIcon;
				ASSETCATALOG_COMPILER_GLOBAL_ACCENT_COLOR_NAME = AccentColor;
				CODE_SIGN_ENTITLEMENTS = "Marker Data/Marker_Data.entitlements";
				CODE_SIGN_IDENTITY = "Apple Development";
				"CODE_SIGN_IDENTITY[sdk=macosx*]" = "Apple Development";
				CODE_SIGN_STYLE = Automatic;
				COMBINE_HIDPI_IMAGES = YES;
				CURRENT_PROJECT_VERSION = 2;
				DEAD_CODE_STRIPPING = YES;
				DEVELOPMENT_ASSET_PATHS = "\"Marker Data/Preview Content\"";
				DEVELOPMENT_TEAM = 9CLTNBW4Z3;
				ENABLE_HARDENED_RUNTIME = YES;
				ENABLE_PREVIEWS = YES;
				GENERATE_INFOPLIST_FILE = YES;
				INFOPLIST_FILE = "Marker-Data-Info.plist";
				INFOPLIST_KEY_CFBundleDisplayName = "Marker Data";
				INFOPLIST_KEY_LSApplicationCategoryType = "public.app-category.utilities";
				INFOPLIST_KEY_NSDesktopFolderUsageDescription = "To Use Files On The Desktop, You Must Allow Access.";
				INFOPLIST_KEY_NSDocumentsFolderUsageDescription = "To Use Files In The Documents Folder, You Must Allow Access.";
				INFOPLIST_KEY_NSDownloadsFolderUsageDescription = "To Use Files In The Downloads Folder, You Must Allow Access.";
				INFOPLIST_KEY_NSHumanReadableCopyright = "Copyright © 2023 The Acharya. All rights reserved.";
				LD_RUNPATH_SEARCH_PATHS = (
					"$(inherited)",
					"@executable_path/../Frameworks",
				);
				LIBRARY_SEARCH_PATHS = (
					"$(inherited)",
					"$(SDKROOT)/usr/lib/swift",
				);
				MACOSX_DEPLOYMENT_TARGET = 13.0;
				MARKETING_VERSION = 1.0.0;
				PRODUCT_BUNDLE_IDENTIFIER = co.theacharya.MarkerData;
				PRODUCT_NAME = "$(TARGET_NAME)";
				PROVISIONING_PROFILE_SPECIFIER = "";
				SWIFT_EMIT_LOC_STRINGS = YES;
				SWIFT_VERSION = 5.0;
			};
			name = Debug;
		};
		D5F74A3E2972D32100EEE2FE /* Release */ = {
			isa = XCBuildConfiguration;
			buildSettings = {
				ASSETCATALOG_COMPILER_APPICON_NAME = AppIcon;
				ASSETCATALOG_COMPILER_GLOBAL_ACCENT_COLOR_NAME = AccentColor;
				CODE_SIGN_ENTITLEMENTS = "Marker Data/Marker_Data.entitlements";
				CODE_SIGN_IDENTITY = "Apple Development";
				"CODE_SIGN_IDENTITY[sdk=macosx*]" = "Apple Development";
				CODE_SIGN_STYLE = Automatic;
				COMBINE_HIDPI_IMAGES = YES;
				CURRENT_PROJECT_VERSION = 2;
				DEAD_CODE_STRIPPING = YES;
				DEVELOPMENT_ASSET_PATHS = "\"Marker Data/Preview Content\"";
				DEVELOPMENT_TEAM = 9CLTNBW4Z3;
				ENABLE_HARDENED_RUNTIME = YES;
				ENABLE_PREVIEWS = YES;
				GENERATE_INFOPLIST_FILE = YES;
				INFOPLIST_FILE = "Marker-Data-Info.plist";
				INFOPLIST_KEY_CFBundleDisplayName = "Marker Data";
				INFOPLIST_KEY_LSApplicationCategoryType = "public.app-category.utilities";
				INFOPLIST_KEY_NSDesktopFolderUsageDescription = "To Use Files On The Desktop, You Must Allow Access.";
				INFOPLIST_KEY_NSDocumentsFolderUsageDescription = "To Use Files In The Documents Folder, You Must Allow Access.";
				INFOPLIST_KEY_NSDownloadsFolderUsageDescription = "To Use Files In The Downloads Folder, You Must Allow Access.";
				INFOPLIST_KEY_NSHumanReadableCopyright = "Copyright © 2023 The Acharya. All rights reserved.";
				LD_RUNPATH_SEARCH_PATHS = (
					"$(inherited)",
					"@executable_path/../Frameworks",
				);
				LIBRARY_SEARCH_PATHS = (
					"$(inherited)",
					"$(SDKROOT)/usr/lib/swift",
				);
				MACOSX_DEPLOYMENT_TARGET = 13.0;
				MARKETING_VERSION = 1.0.0;
				PRODUCT_BUNDLE_IDENTIFIER = co.theacharya.MarkerData;
				PRODUCT_NAME = "$(TARGET_NAME)";
				PROVISIONING_PROFILE_SPECIFIER = "";
				SWIFT_EMIT_LOC_STRINGS = YES;
				SWIFT_VERSION = 5.0;
			};
			name = Release;
		};
/* End XCBuildConfiguration section */

/* Begin XCConfigurationList section */
		D5F74A282972D31C00EEE2FE /* Build configuration list for PBXProject "Marker Data" */ = {
			isa = XCConfigurationList;
			buildConfigurations = (
				D5F74A3A2972D32100EEE2FE /* Debug */,
				D5F74A3B2972D32100EEE2FE /* Release */,
			);
			defaultConfigurationIsVisible = 0;
			defaultConfigurationName = Release;
		};
		D5F74A3C2972D32100EEE2FE /* Build configuration list for PBXNativeTarget "Marker Data" */ = {
			isa = XCConfigurationList;
			buildConfigurations = (
				D5F74A3D2972D32100EEE2FE /* Debug */,
				D5F74A3E2972D32100EEE2FE /* Release */,
			);
			defaultConfigurationIsVisible = 0;
			defaultConfigurationName = Release;
		};
/* End XCConfigurationList section */

/* Begin XCRemoteSwiftPackageReference section */
		4100D5E52AD19C980081F0EC /* XCRemoteSwiftPackageReference "FilePicker" */ = {
			isa = XCRemoteSwiftPackageReference;
			repositoryURL = "https://github.com/markrenaud/FilePicker";
			requirement = {
				kind = upToNextMajorVersion;
				minimumVersion = 1.0.1;
			};
		};
		41BFEB6E2B1BA4CC00C8B551 /* XCRemoteSwiftPackageReference "PasswordField" */ = {
			isa = XCRemoteSwiftPackageReference;
			repositoryURL = "https://github.com/MrAsterisco/PasswordField";
			requirement = {
				branch = main;
				kind = branch;
			};
		};
		41C538A02AE420EA00E8A8A1 /* XCRemoteSwiftPackageReference "ColorWellKit" */ = {
			isa = XCRemoteSwiftPackageReference;
			repositoryURL = "https://github.com/jordanbaird/ColorWellKit";
			requirement = {
				kind = upToNextMajorVersion;
				minimumVersion = 0.1.0;
			};
		};
		41EC60C92AFFBC0700F0A131 /* XCRemoteSwiftPackageReference "MarkersExtractor" */ = {
			isa = XCRemoteSwiftPackageReference;
			repositoryURL = "https://github.com/TheAcharya/MarkersExtractor";
			requirement = {
				kind = upToNextMajorVersion;
				minimumVersion = 0.2.3;
			};
		};
		D5F74A452972FE7C00EEE2FE /* XCRemoteSwiftPackageReference "AirtableKit" */ = {
			isa = XCRemoteSwiftPackageReference;
			repositoryURL = "http://github.com/appledeveloperacademypucrs/AirtableKit.git";
			requirement = {
				kind = upToNextMajorVersion;
				minimumVersion = 1.0.0;
			};
		};
		D5F74A4B2973019000EEE2FE /* XCRemoteSwiftPackageReference "swift-collections" */ = {
			isa = XCRemoteSwiftPackageReference;
			repositoryURL = "https://github.com/apple/swift-collections.git";
			requirement = {
				kind = upToNextMajorVersion;
				minimumVersion = 1.0.0;
			};
		};
/* End XCRemoteSwiftPackageReference section */

/* Begin XCSwiftPackageProductDependency section */
		4100D5E62AD19C980081F0EC /* FilePicker */ = {
			isa = XCSwiftPackageProductDependency;
			package = 4100D5E52AD19C980081F0EC /* XCRemoteSwiftPackageReference "FilePicker" */;
			productName = FilePicker;
		};
		41BFEB6F2B1BA4CC00C8B551 /* PasswordField */ = {
			isa = XCSwiftPackageProductDependency;
			package = 41BFEB6E2B1BA4CC00C8B551 /* XCRemoteSwiftPackageReference "PasswordField" */;
			productName = PasswordField;
		};
		41C538A12AE420EA00E8A8A1 /* ColorWellKit */ = {
			isa = XCSwiftPackageProductDependency;
			package = 41C538A02AE420EA00E8A8A1 /* XCRemoteSwiftPackageReference "ColorWellKit" */;
			productName = ColorWellKit;
		};
		41EC60CA2AFFBC0700F0A131 /* MarkersExtractor */ = {
			isa = XCSwiftPackageProductDependency;
			package = 41EC60C92AFFBC0700F0A131 /* XCRemoteSwiftPackageReference "MarkersExtractor" */;
			productName = MarkersExtractor;
		};
		D5F74A462972FE7C00EEE2FE /* AirtableKit */ = {
			isa = XCSwiftPackageProductDependency;
			package = D5F74A452972FE7C00EEE2FE /* XCRemoteSwiftPackageReference "AirtableKit" */;
			productName = AirtableKit;
		};
		D5F74A4C2973019000EEE2FE /* Collections */ = {
			isa = XCSwiftPackageProductDependency;
			package = D5F74A4B2973019000EEE2FE /* XCRemoteSwiftPackageReference "swift-collections" */;
			productName = Collections;
		};
		D5F74A4E2973019000EEE2FE /* DequeModule */ = {
			isa = XCSwiftPackageProductDependency;
			package = D5F74A4B2973019000EEE2FE /* XCRemoteSwiftPackageReference "swift-collections" */;
			productName = DequeModule;
		};
		D5F74A502973019000EEE2FE /* OrderedCollections */ = {
			isa = XCSwiftPackageProductDependency;
			package = D5F74A4B2973019000EEE2FE /* XCRemoteSwiftPackageReference "swift-collections" */;
			productName = OrderedCollections;
		};
/* End XCSwiftPackageProductDependency section */

/* Begin XCVersionGroup section */
		9B9CA0F32A1A9ADD004E337A /* MarkerData.xcdatamodeld */ = {
			isa = XCVersionGroup;
			children = (
				9B9CA0F42A1A9ADD004E337A /* MarkerData.xcdatamodel */,
			);
			currentVersion = 9B9CA0F42A1A9ADD004E337A /* MarkerData.xcdatamodel */;
			path = MarkerData.xcdatamodeld;
			sourceTree = "<group>";
			versionGroupType = wrapper.xcdatamodel;
		};
/* End XCVersionGroup section */
	};
	rootObject = D5F74A252972D31C00EEE2FE /* Project object */;
}
