// !$*UTF8*$!
{
	archiveVersion = 1;
	classes = {
	};
	objectVersion = 56;
	objects = {

/* Begin PBXBuildFile section */
		9B35FE6529F92DC60035B760 /* UserDefaults+Settings.swift in Sources */ = {isa = PBXBuildFile; fileRef = 9B35FE6429F92DC60035B760 /* UserDefaults+Settings.swift */; };
		9B35FE6829F94C110035B760 /* PickerViews.swift in Sources */ = {isa = PBXBuildFile; fileRef = 9B35FE6729F94C110035B760 /* PickerViews.swift */; };
		9B51D21129E9A01A00DF7836 /* FolderPicker.swift in Sources */ = {isa = PBXBuildFile; fileRef = 9B51D21029E9A01A00DF7836 /* FolderPicker.swift */; };
		9B51D21329E9AF9300DF7836 /* FolderURLModel.swift in Sources */ = {isa = PBXBuildFile; fileRef = 9B51D21229E9AF9300DF7836 /* FolderURLModel.swift */; };
		9B51D21629E9B13400DF7836 /* SettingsModel.swift in Sources */ = {isa = PBXBuildFile; fileRef = 9B51D21529E9B13400DF7836 /* SettingsModel.swift */; };
		9B61B44229F03866003EC14A /* libswiftCoreGraphics.tbd in Frameworks */ = {isa = PBXBuildFile; fileRef = 9B61B44129F03866003EC14A /* libswiftCoreGraphics.tbd */; };
		9B61B44E29F03B14003EC14A /* MarkersExtractor in Frameworks */ = {isa = PBXBuildFile; productRef = 9B61B44D29F03B14003EC14A /* MarkersExtractor */; };
		9B653ABB29F2C2E700C64999 /* UserAlertView.swift in Sources */ = {isa = PBXBuildFile; fileRef = 9B653ABA29F2C2E700C64999 /* UserAlertView.swift */; };
		9B653ABD29F2C64600C64999 /* ErrorViewModel.swift in Sources */ = {isa = PBXBuildFile; fileRef = 9B653ABC29F2C64600C64999 /* ErrorViewModel.swift */; };
		9BACA4D129FA9B5100EF6837 /* SettingsStore.swift in Sources */ = {isa = PBXBuildFile; fileRef = 9BACA4D029FA9B5100EF6837 /* SettingsStore.swift */; };
		D5F74A312972D31D00EEE2FE /* Marker_DataApp.swift in Sources */ = {isa = PBXBuildFile; fileRef = D5F74A302972D31D00EEE2FE /* Marker_DataApp.swift */; };
		D5F74A332972D31D00EEE2FE /* ContentView.swift in Sources */ = {isa = PBXBuildFile; fileRef = D5F74A322972D31D00EEE2FE /* ContentView.swift */; };
		D5F74A352972D32100EEE2FE /* Assets.xcassets in Resources */ = {isa = PBXBuildFile; fileRef = D5F74A342972D32100EEE2FE /* Assets.xcassets */; };
		D5F74A382972D32100EEE2FE /* Preview Assets.xcassets in Resources */ = {isa = PBXBuildFile; fileRef = D5F74A372972D32100EEE2FE /* Preview Assets.xcassets */; };
		D5F74A412972E0A800EEE2FE /* SettingsView.swift in Sources */ = {isa = PBXBuildFile; fileRef = D5F74A402972E0A800EEE2FE /* SettingsView.swift */; };
		D5F74A442972E5A000EEE2FE /* FontPicker in Frameworks */ = {isa = PBXBuildFile; productRef = D5F74A432972E5A000EEE2FE /* FontPicker */; };
		D5F74A472972FE7C00EEE2FE /* AirtableKit in Frameworks */ = {isa = PBXBuildFile; productRef = D5F74A462972FE7C00EEE2FE /* AirtableKit */; };
		D5F74A4A2973012800EEE2FE /* AppUpdater in Frameworks */ = {isa = PBXBuildFile; productRef = D5F74A492973012800EEE2FE /* AppUpdater */; };
		D5F74A4D2973019000EEE2FE /* Collections in Frameworks */ = {isa = PBXBuildFile; productRef = D5F74A4C2973019000EEE2FE /* Collections */; };
		D5F74A4F2973019000EEE2FE /* DequeModule in Frameworks */ = {isa = PBXBuildFile; productRef = D5F74A4E2973019000EEE2FE /* DequeModule */; };
		D5F74A512973019000EEE2FE /* OrderedCollections in Frameworks */ = {isa = PBXBuildFile; productRef = D5F74A502973019000EEE2FE /* OrderedCollections */; };
		D5F74A542973021F00EEE2FE /* SwiftUIX in Frameworks */ = {isa = PBXBuildFile; productRef = D5F74A532973021F00EEE2FE /* SwiftUIX */; };
/* End PBXBuildFile section */

/* Begin PBXCopyFilesBuildPhase section */
		D5F74A552974A24600EEE2FE /* CopyFiles */ = {
			isa = PBXCopyFilesBuildPhase;
			buildActionMask = 2147483647;
			dstPath = "";
			dstSubfolderSpec = 12;
			files = (
			);
			runOnlyForDeploymentPostprocessing = 0;
		};
/* End PBXCopyFilesBuildPhase section */

/* Begin PBXFileReference section */
		9B35FE6429F92DC60035B760 /* UserDefaults+Settings.swift */ = {isa = PBXFileReference; lastKnownFileType = sourcecode.swift; path = "UserDefaults+Settings.swift"; sourceTree = "<group>"; };
		9B35FE6729F94C110035B760 /* PickerViews.swift */ = {isa = PBXFileReference; lastKnownFileType = sourcecode.swift; path = PickerViews.swift; sourceTree = "<group>"; };
		9B39B0CB29E19B740055F31E /* CoreImage.framework */ = {isa = PBXFileReference; lastKnownFileType = wrapper.framework; name = CoreImage.framework; path = System/Library/Frameworks/CoreImage.framework; sourceTree = SDKROOT; };
		9B51D21029E9A01A00DF7836 /* FolderPicker.swift */ = {isa = PBXFileReference; lastKnownFileType = sourcecode.swift; path = FolderPicker.swift; sourceTree = "<group>"; };
		9B51D21229E9AF9300DF7836 /* FolderURLModel.swift */ = {isa = PBXFileReference; lastKnownFileType = sourcecode.swift; path = FolderURLModel.swift; sourceTree = "<group>"; };
		9B51D21529E9B13400DF7836 /* SettingsModel.swift */ = {isa = PBXFileReference; lastKnownFileType = sourcecode.swift; path = SettingsModel.swift; sourceTree = "<group>"; };
		9B61B44129F03866003EC14A /* libswiftCoreGraphics.tbd */ = {isa = PBXFileReference; lastKnownFileType = "sourcecode.text-based-dylib-definition"; name = libswiftCoreGraphics.tbd; path = usr/lib/swift/libswiftCoreGraphics.tbd; sourceTree = SDKROOT; };
		9B61B44329F0387C003EC14A /* CoreGraphics.framework */ = {isa = PBXFileReference; lastKnownFileType = wrapper.framework; name = CoreGraphics.framework; path = System/Library/Frameworks/CoreGraphics.framework; sourceTree = SDKROOT; };
		9B653ABA29F2C2E700C64999 /* UserAlertView.swift */ = {isa = PBXFileReference; lastKnownFileType = sourcecode.swift; path = UserAlertView.swift; sourceTree = "<group>"; };
		9B653ABC29F2C64600C64999 /* ErrorViewModel.swift */ = {isa = PBXFileReference; lastKnownFileType = sourcecode.swift; path = ErrorViewModel.swift; sourceTree = "<group>"; };
		9BACA4D029FA9B5100EF6837 /* SettingsStore.swift */ = {isa = PBXFileReference; lastKnownFileType = sourcecode.swift; path = SettingsStore.swift; sourceTree = "<group>"; };
		D5F74A2D2972D31C00EEE2FE /* Marker Data.app */ = {isa = PBXFileReference; explicitFileType = wrapper.application; includeInIndex = 0; path = "Marker Data.app"; sourceTree = BUILT_PRODUCTS_DIR; };
		D5F74A302972D31D00EEE2FE /* Marker_DataApp.swift */ = {isa = PBXFileReference; lastKnownFileType = sourcecode.swift; path = Marker_DataApp.swift; sourceTree = "<group>"; };
		D5F74A322972D31D00EEE2FE /* ContentView.swift */ = {isa = PBXFileReference; lastKnownFileType = sourcecode.swift; path = ContentView.swift; sourceTree = "<group>"; };
		D5F74A342972D32100EEE2FE /* Assets.xcassets */ = {isa = PBXFileReference; lastKnownFileType = folder.assetcatalog; path = Assets.xcassets; sourceTree = "<group>"; };
		D5F74A372972D32100EEE2FE /* Preview Assets.xcassets */ = {isa = PBXFileReference; lastKnownFileType = folder.assetcatalog; path = "Preview Assets.xcassets"; sourceTree = "<group>"; };
		D5F74A392972D32100EEE2FE /* Marker_Data.entitlements */ = {isa = PBXFileReference; lastKnownFileType = text.plist.entitlements; path = Marker_Data.entitlements; sourceTree = "<group>"; };
		D5F74A3F2972DFD800EEE2FE /* Marker-Data-Info.plist */ = {isa = PBXFileReference; lastKnownFileType = text.plist; path = "Marker-Data-Info.plist"; sourceTree = SOURCE_ROOT; };
		D5F74A402972E0A800EEE2FE /* SettingsView.swift */ = {isa = PBXFileReference; lastKnownFileType = sourcecode.swift; path = SettingsView.swift; sourceTree = "<group>"; };
/* End PBXFileReference section */

/* Begin PBXFrameworksBuildPhase section */
		D5F74A2A2972D31C00EEE2FE /* Frameworks */ = {
			isa = PBXFrameworksBuildPhase;
			buildActionMask = 2147483647;
			files = (
				9B61B44229F03866003EC14A /* libswiftCoreGraphics.tbd in Frameworks */,
				9B61B44E29F03B14003EC14A /* MarkersExtractor in Frameworks */,
				D5F74A542973021F00EEE2FE /* SwiftUIX in Frameworks */,
				D5F74A442972E5A000EEE2FE /* FontPicker in Frameworks */,
				D5F74A4A2973012800EEE2FE /* AppUpdater in Frameworks */,
				D5F74A512973019000EEE2FE /* OrderedCollections in Frameworks */,
				D5F74A4F2973019000EEE2FE /* DequeModule in Frameworks */,
				D5F74A4D2973019000EEE2FE /* Collections in Frameworks */,
				D5F74A472972FE7C00EEE2FE /* AirtableKit in Frameworks */,
			);
			runOnlyForDeploymentPostprocessing = 0;
		};
/* End PBXFrameworksBuildPhase section */

/* Begin PBXGroup section */
		9B35FE6629F94BF30035B760 /* Views */ = {
			isa = PBXGroup;
			children = (
				9B35FE6729F94C110035B760 /* PickerViews.swift */,
			);
			path = Views;
			sourceTree = "<group>";
		};
		9B39B0CA29E19B740055F31E /* Frameworks */ = {
			isa = PBXGroup;
			children = (
				9B61B44329F0387C003EC14A /* CoreGraphics.framework */,
				9B61B44129F03866003EC14A /* libswiftCoreGraphics.tbd */,
				9B39B0CB29E19B740055F31E /* CoreImage.framework */,
			);
			name = Frameworks;
			sourceTree = "<group>";
		};
		9B51D20F29E99FFD00DF7836 /* Utilities */ = {
			isa = PBXGroup;
			children = (
				9B51D21029E9A01A00DF7836 /* FolderPicker.swift */,
				9B653ABA29F2C2E700C64999 /* UserAlertView.swift */,
				9B35FE6429F92DC60035B760 /* UserDefaults+Settings.swift */,
			);
			path = Utilities;
			sourceTree = "<group>";
		};
		9B51D21429E9B10500DF7836 /* Models */ = {
			isa = PBXGroup;
			children = (
				9B51D21229E9AF9300DF7836 /* FolderURLModel.swift */,
				9B51D21529E9B13400DF7836 /* SettingsModel.swift */,
				9B653ABC29F2C64600C64999 /* ErrorViewModel.swift */,
				9BACA4D029FA9B5100EF6837 /* SettingsStore.swift */,
			);
			path = Models;
			sourceTree = "<group>";
		};
		D5F74A242972D31C00EEE2FE = {
			isa = PBXGroup;
			children = (
				D5F74A2F2972D31C00EEE2FE /* Marker Data */,
				D5F74A2E2972D31C00EEE2FE /* Products */,
				9B39B0CA29E19B740055F31E /* Frameworks */,
			);
			sourceTree = "<group>";
		};
		D5F74A2E2972D31C00EEE2FE /* Products */ = {
			isa = PBXGroup;
			children = (
				D5F74A2D2972D31C00EEE2FE /* Marker Data.app */,
			);
			name = Products;
			sourceTree = "<group>";
		};
		D5F74A2F2972D31C00EEE2FE /* Marker Data */ = {
			isa = PBXGroup;
			children = (
				9B35FE6629F94BF30035B760 /* Views */,
				9B51D21429E9B10500DF7836 /* Models */,
				9B51D20F29E99FFD00DF7836 /* Utilities */,
				D5F74A3F2972DFD800EEE2FE /* Marker-Data-Info.plist */,
				D5F74A302972D31D00EEE2FE /* Marker_DataApp.swift */,
				D5F74A322972D31D00EEE2FE /* ContentView.swift */,
				D5F74A342972D32100EEE2FE /* Assets.xcassets */,
				D5F74A392972D32100EEE2FE /* Marker_Data.entitlements */,
				D5F74A362972D32100EEE2FE /* Preview Content */,
				D5F74A402972E0A800EEE2FE /* SettingsView.swift */,
			);
			path = "Marker Data";
			sourceTree = "<group>";
		};
		D5F74A362972D32100EEE2FE /* Preview Content */ = {
			isa = PBXGroup;
			children = (
				D5F74A372972D32100EEE2FE /* Preview Assets.xcassets */,
			);
			path = "Preview Content";
			sourceTree = "<group>";
		};
/* End PBXGroup section */

/* Begin PBXNativeTarget section */
		D5F74A2C2972D31C00EEE2FE /* Marker Data */ = {
			isa = PBXNativeTarget;
			buildConfigurationList = D5F74A3C2972D32100EEE2FE /* Build configuration list for PBXNativeTarget "Marker Data" */;
			buildPhases = (
				D5F74A292972D31C00EEE2FE /* Sources */,
				D5F74A2A2972D31C00EEE2FE /* Frameworks */,
				D5F74A2B2972D31C00EEE2FE /* Resources */,
				D5F74A552974A24600EEE2FE /* CopyFiles */,
			);
			buildRules = (
			);
			dependencies = (
			);
			name = "Marker Data";
			packageProductDependencies = (
				D5F74A432972E5A000EEE2FE /* FontPicker */,
				D5F74A462972FE7C00EEE2FE /* AirtableKit */,
				D5F74A492973012800EEE2FE /* AppUpdater */,
				D5F74A4C2973019000EEE2FE /* Collections */,
				D5F74A4E2973019000EEE2FE /* DequeModule */,
				D5F74A502973019000EEE2FE /* OrderedCollections */,
				D5F74A532973021F00EEE2FE /* SwiftUIX */,
				9B61B44D29F03B14003EC14A /* MarkersExtractor */,
			);
			productName = "Marker Data";
			productReference = D5F74A2D2972D31C00EEE2FE /* Marker Data.app */;
			productType = "com.apple.product-type.application";
		};
/* End PBXNativeTarget section */

/* Begin PBXProject section */
		D5F74A252972D31C00EEE2FE /* Project object */ = {
			isa = PBXProject;
			attributes = {
				BuildIndependentTargetsInParallel = 1;
				LastSwiftUpdateCheck = 1420;
				LastUpgradeCheck = 1420;
				TargetAttributes = {
					D5F74A2C2972D31C00EEE2FE = {
						CreatedOnToolsVersion = 14.2;
					};
				};
			};
			buildConfigurationList = D5F74A282972D31C00EEE2FE /* Build configuration list for PBXProject "Marker Data" */;
			compatibilityVersion = "Xcode 14.0";
			developmentRegion = en;
			hasScannedForEncodings = 0;
			knownRegions = (
				en,
				Base,
			);
			mainGroup = D5F74A242972D31C00EEE2FE;
			packageReferences = (
				D5F74A422972E5A000EEE2FE /* XCRemoteSwiftPackageReference "FontPicker" */,
				D5F74A452972FE7C00EEE2FE /* XCRemoteSwiftPackageReference "AirtableKit" */,
				D5F74A482973012800EEE2FE /* XCRemoteSwiftPackageReference "AppUpdater" */,
				D5F74A4B2973019000EEE2FE /* XCRemoteSwiftPackageReference "swift-collections" */,
				D5F74A522973021F00EEE2FE /* XCRemoteSwiftPackageReference "SwiftUIX" */,
				9B61B44C29F03B14003EC14A /* XCRemoteSwiftPackageReference "MarkersExtractor" */,
			);
			productRefGroup = D5F74A2E2972D31C00EEE2FE /* Products */;
			projectDirPath = "";
			projectRoot = "";
			targets = (
				D5F74A2C2972D31C00EEE2FE /* Marker Data */,
			);
		};
/* End PBXProject section */

/* Begin PBXResourcesBuildPhase section */
		D5F74A2B2972D31C00EEE2FE /* Resources */ = {
			isa = PBXResourcesBuildPhase;
			buildActionMask = 2147483647;
			files = (
				D5F74A382972D32100EEE2FE /* Preview Assets.xcassets in Resources */,
				D5F74A352972D32100EEE2FE /* Assets.xcassets in Resources */,
			);
			runOnlyForDeploymentPostprocessing = 0;
		};
/* End PBXResourcesBuildPhase section */

/* Begin PBXSourcesBuildPhase section */
		D5F74A292972D31C00EEE2FE /* Sources */ = {
			isa = PBXSourcesBuildPhase;
			buildActionMask = 2147483647;
			files = (
				9B51D21629E9B13400DF7836 /* SettingsModel.swift in Sources */,
				D5F74A412972E0A800EEE2FE /* SettingsView.swift in Sources */,
				9B51D21329E9AF9300DF7836 /* FolderURLModel.swift in Sources */,
				9BACA4D129FA9B5100EF6837 /* SettingsStore.swift in Sources */,
				9B653ABB29F2C2E700C64999 /* UserAlertView.swift in Sources */,
				9B35FE6829F94C110035B760 /* PickerViews.swift in Sources */,
				D5F74A332972D31D00EEE2FE /* ContentView.swift in Sources */,
				9B35FE6529F92DC60035B760 /* UserDefaults+Settings.swift in Sources */,
				9B653ABD29F2C64600C64999 /* ErrorViewModel.swift in Sources */,
				D5F74A312972D31D00EEE2FE /* Marker_DataApp.swift in Sources */,
				9B51D21129E9A01A00DF7836 /* FolderPicker.swift in Sources */,
			);
			runOnlyForDeploymentPostprocessing = 0;
		};
/* End PBXSourcesBuildPhase section */

/* Begin XCBuildConfiguration section */
		D5F74A3A2972D32100EEE2FE /* Debug */ = {
			isa = XCBuildConfiguration;
			buildSettings = {
				ALWAYS_SEARCH_USER_PATHS = NO;
				CLANG_ANALYZER_NONNULL = YES;
				CLANG_ANALYZER_NUMBER_OBJECT_CONVERSION = YES_AGGRESSIVE;
				CLANG_CXX_LANGUAGE_STANDARD = "gnu++20";
				CLANG_ENABLE_MODULES = YES;
				CLANG_ENABLE_OBJC_ARC = YES;
				CLANG_ENABLE_OBJC_WEAK = YES;
				CLANG_WARN_BLOCK_CAPTURE_AUTORELEASING = YES;
				CLANG_WARN_BOOL_CONVERSION = YES;
				CLANG_WARN_COMMA = YES;
				CLANG_WARN_CONSTANT_CONVERSION = YES;
				CLANG_WARN_DEPRECATED_OBJC_IMPLEMENTATIONS = YES;
				CLANG_WARN_DIRECT_OBJC_ISA_USAGE = YES_ERROR;
				CLANG_WARN_DOCUMENTATION_COMMENTS = YES;
				CLANG_WARN_EMPTY_BODY = YES;
				CLANG_WARN_ENUM_CONVERSION = YES;
				CLANG_WARN_INFINITE_RECURSION = YES;
				CLANG_WARN_INT_CONVERSION = YES;
				CLANG_WARN_NON_LITERAL_NULL_CONVERSION = YES;
				CLANG_WARN_OBJC_IMPLICIT_RETAIN_SELF = YES;
				CLANG_WARN_OBJC_LITERAL_CONVERSION = YES;
				CLANG_WARN_OBJC_ROOT_CLASS = YES_ERROR;
				CLANG_WARN_QUOTED_INCLUDE_IN_FRAMEWORK_HEADER = YES;
				CLANG_WARN_RANGE_LOOP_ANALYSIS = YES;
				CLANG_WARN_STRICT_PROTOTYPES = YES;
				CLANG_WARN_SUSPICIOUS_MOVE = YES;
				CLANG_WARN_UNGUARDED_AVAILABILITY = YES_AGGRESSIVE;
				CLANG_WARN_UNREACHABLE_CODE = YES;
				CLANG_WARN__DUPLICATE_METHOD_MATCH = YES;
				COPY_PHASE_STRIP = NO;
				DEBUG_INFORMATION_FORMAT = dwarf;
				ENABLE_STRICT_OBJC_MSGSEND = YES;
				ENABLE_TESTABILITY = YES;
				GCC_C_LANGUAGE_STANDARD = gnu11;
				GCC_DYNAMIC_NO_PIC = NO;
				GCC_NO_COMMON_BLOCKS = YES;
				GCC_OPTIMIZATION_LEVEL = 0;
				GCC_PREPROCESSOR_DEFINITIONS = (
					"DEBUG=1",
					"$(inherited)",
				);
				GCC_WARN_64_TO_32_BIT_CONVERSION = YES;
				GCC_WARN_ABOUT_RETURN_TYPE = YES_ERROR;
				GCC_WARN_UNDECLARED_SELECTOR = YES;
				GCC_WARN_UNINITIALIZED_AUTOS = YES_AGGRESSIVE;
				GCC_WARN_UNUSED_FUNCTION = YES;
				GCC_WARN_UNUSED_VARIABLE = YES;
				MACOSX_DEPLOYMENT_TARGET = 11.0;
				MTL_ENABLE_DEBUG_INFO = INCLUDE_SOURCE;
				MTL_FAST_MATH = YES;
				ONLY_ACTIVE_ARCH = YES;
				SDKROOT = macosx;
				SWIFT_ACTIVE_COMPILATION_CONDITIONS = DEBUG;
				SWIFT_OPTIMIZATION_LEVEL = "-Onone";
			};
			name = Debug;
		};
		D5F74A3B2972D32100EEE2FE /* Release */ = {
			isa = XCBuildConfiguration;
			buildSettings = {
				ALWAYS_SEARCH_USER_PATHS = NO;
				CLANG_ANALYZER_NONNULL = YES;
				CLANG_ANALYZER_NUMBER_OBJECT_CONVERSION = YES_AGGRESSIVE;
				CLANG_CXX_LANGUAGE_STANDARD = "gnu++20";
				CLANG_ENABLE_MODULES = YES;
				CLANG_ENABLE_OBJC_ARC = YES;
				CLANG_ENABLE_OBJC_WEAK = YES;
				CLANG_WARN_BLOCK_CAPTURE_AUTORELEASING = YES;
				CLANG_WARN_BOOL_CONVERSION = YES;
				CLANG_WARN_COMMA = YES;
				CLANG_WARN_CONSTANT_CONVERSION = YES;
				CLANG_WARN_DEPRECATED_OBJC_IMPLEMENTATIONS = YES;
				CLANG_WARN_DIRECT_OBJC_ISA_USAGE = YES_ERROR;
				CLANG_WARN_DOCUMENTATION_COMMENTS = YES;
				CLANG_WARN_EMPTY_BODY = YES;
				CLANG_WARN_ENUM_CONVERSION = YES;
				CLANG_WARN_INFINITE_RECURSION = YES;
				CLANG_WARN_INT_CONVERSION = YES;
				CLANG_WARN_NON_LITERAL_NULL_CONVERSION = YES;
				CLANG_WARN_OBJC_IMPLICIT_RETAIN_SELF = YES;
				CLANG_WARN_OBJC_LITERAL_CONVERSION = YES;
				CLANG_WARN_OBJC_ROOT_CLASS = YES_ERROR;
				CLANG_WARN_QUOTED_INCLUDE_IN_FRAMEWORK_HEADER = YES;
				CLANG_WARN_RANGE_LOOP_ANALYSIS = YES;
				CLANG_WARN_STRICT_PROTOTYPES = YES;
				CLANG_WARN_SUSPICIOUS_MOVE = YES;
				CLANG_WARN_UNGUARDED_AVAILABILITY = YES_AGGRESSIVE;
				CLANG_WARN_UNREACHABLE_CODE = YES;
				CLANG_WARN__DUPLICATE_METHOD_MATCH = YES;
				COPY_PHASE_STRIP = NO;
				DEBUG_INFORMATION_FORMAT = "dwarf-with-dsym";
				ENABLE_NS_ASSERTIONS = NO;
				ENABLE_STRICT_OBJC_MSGSEND = YES;
				GCC_C_LANGUAGE_STANDARD = gnu11;
				GCC_NO_COMMON_BLOCKS = YES;
				GCC_WARN_64_TO_32_BIT_CONVERSION = YES;
				GCC_WARN_ABOUT_RETURN_TYPE = YES_ERROR;
				GCC_WARN_UNDECLARED_SELECTOR = YES;
				GCC_WARN_UNINITIALIZED_AUTOS = YES_AGGRESSIVE;
				GCC_WARN_UNUSED_FUNCTION = YES;
				GCC_WARN_UNUSED_VARIABLE = YES;
				MACOSX_DEPLOYMENT_TARGET = 11.0;
				MTL_ENABLE_DEBUG_INFO = NO;
				MTL_FAST_MATH = YES;
				SDKROOT = macosx;
				SWIFT_COMPILATION_MODE = wholemodule;
				SWIFT_OPTIMIZATION_LEVEL = "-O";
			};
			name = Release;
		};
		D5F74A3D2972D32100EEE2FE /* Debug */ = {
			isa = XCBuildConfiguration;
			buildSettings = {
				ASSETCATALOG_COMPILER_APPICON_NAME = AppIcon;
				ASSETCATALOG_COMPILER_GLOBAL_ACCENT_COLOR_NAME = AccentColor;
				CODE_SIGN_ENTITLEMENTS = "Marker Data/Marker_Data.entitlements";
				CODE_SIGN_IDENTITY = "Apple Development";
				"CODE_SIGN_IDENTITY[sdk=macosx*]" = "Apple Development";
				CODE_SIGN_STYLE = Automatic;
				COMBINE_HIDPI_IMAGES = YES;
				CURRENT_PROJECT_VERSION = 1;
				DEVELOPMENT_ASSET_PATHS = "\"Marker Data/Preview Content\"";
				DEVELOPMENT_TEAM = NMJ9MSBK39;
				ENABLE_HARDENED_RUNTIME = YES;
				ENABLE_PREVIEWS = YES;
				GENERATE_INFOPLIST_FILE = YES;
				INFOPLIST_FILE = "Marker-Data-Info.plist";
				INFOPLIST_KEY_CFBundleDisplayName = "Marker Data";
				INFOPLIST_KEY_LSApplicationCategoryType = "public.app-category.utilities";
				INFOPLIST_KEY_NSDesktopFolderUsageDescription = "To Use Files On The Desktop, You Must Allow Access.";
				INFOPLIST_KEY_NSDocumentsFolderUsageDescription = "To Use Files In The Documents Folder, You Must Allow Access.";
				INFOPLIST_KEY_NSDownloadsFolderUsageDescription = "To Use Files In The Downloads Folder, You Must Allow Access.";
				INFOPLIST_KEY_NSHumanReadableCopyright = "Copyright © 2023 Mark Howard. All rights reserved. Original idea and code from The Acharya.";
				LD_RUNPATH_SEARCH_PATHS = (
					"$(inherited)",
					"@executable_path/../Frameworks",
				);
				LIBRARY_SEARCH_PATHS = (
					"$(inherited)",
					"$(SDKROOT)/usr/lib/swift",
				);
				MACOSX_DEPLOYMENT_TARGET = 11.0;
				MARKETING_VERSION = 0.2;
				PRODUCT_BUNDLE_IDENTIFIER = "com.TheAcharya.Marker-Data";
				PRODUCT_NAME = "$(TARGET_NAME)";
				PROVISIONING_PROFILE_SPECIFIER = "";
				SWIFT_EMIT_LOC_STRINGS = YES;
				SWIFT_VERSION = 5.0;
			};
			name = Debug;
		};
		D5F74A3E2972D32100EEE2FE /* Release */ = {
			isa = XCBuildConfiguration;
			buildSettings = {
				ASSETCATALOG_COMPILER_APPICON_NAME = AppIcon;
				ASSETCATALOG_COMPILER_GLOBAL_ACCENT_COLOR_NAME = AccentColor;
				CODE_SIGN_ENTITLEMENTS = "Marker Data/Marker_Data.entitlements";
				CODE_SIGN_IDENTITY = "Apple Development";
				"CODE_SIGN_IDENTITY[sdk=macosx*]" = "Apple Development";
				CODE_SIGN_STYLE = Automatic;
				COMBINE_HIDPI_IMAGES = YES;
				CURRENT_PROJECT_VERSION = 1;
				DEVELOPMENT_ASSET_PATHS = "\"Marker Data/Preview Content\"";
				DEVELOPMENT_TEAM = NMJ9MSBK39;
				ENABLE_HARDENED_RUNTIME = YES;
				ENABLE_PREVIEWS = YES;
				GENERATE_INFOPLIST_FILE = YES;
				INFOPLIST_FILE = "Marker-Data-Info.plist";
				INFOPLIST_KEY_CFBundleDisplayName = "Marker Data";
				INFOPLIST_KEY_LSApplicationCategoryType = "public.app-category.utilities";
				INFOPLIST_KEY_NSDesktopFolderUsageDescription = "To Use Files On The Desktop, You Must Allow Access.";
				INFOPLIST_KEY_NSDocumentsFolderUsageDescription = "To Use Files In The Documents Folder, You Must Allow Access.";
				INFOPLIST_KEY_NSDownloadsFolderUsageDescription = "To Use Files In The Downloads Folder, You Must Allow Access.";
				INFOPLIST_KEY_NSHumanReadableCopyright = "Copyright © 2023 Mark Howard. All rights reserved. Original idea and code from The Acharya.";
				LD_RUNPATH_SEARCH_PATHS = (
					"$(inherited)",
					"@executable_path/../Frameworks",
				);
				LIBRARY_SEARCH_PATHS = (
					"$(inherited)",
					"$(SDKROOT)/usr/lib/swift",
				);
				MACOSX_DEPLOYMENT_TARGET = 11.0;
				MARKETING_VERSION = 0.2;
				PRODUCT_BUNDLE_IDENTIFIER = "com.TheAcharya.Marker-Data";
				PRODUCT_NAME = "$(TARGET_NAME)";
				PROVISIONING_PROFILE_SPECIFIER = "";
				SWIFT_EMIT_LOC_STRINGS = YES;
				SWIFT_VERSION = 5.0;
			};
			name = Release;
		};
/* End XCBuildConfiguration section */

/* Begin XCConfigurationList section */
		D5F74A282972D31C00EEE2FE /* Build configuration list for PBXProject "Marker Data" */ = {
			isa = XCConfigurationList;
			buildConfigurations = (
				D5F74A3A2972D32100EEE2FE /* Debug */,
				D5F74A3B2972D32100EEE2FE /* Release */,
			);
			defaultConfigurationIsVisible = 0;
			defaultConfigurationName = Release;
		};
		D5F74A3C2972D32100EEE2FE /* Build configuration list for PBXNativeTarget "Marker Data" */ = {
			isa = XCConfigurationList;
			buildConfigurations = (
				D5F74A3D2972D32100EEE2FE /* Debug */,
				D5F74A3E2972D32100EEE2FE /* Release */,
			);
			defaultConfigurationIsVisible = 0;
			defaultConfigurationName = Release;
		};
/* End XCConfigurationList section */

/* Begin XCRemoteSwiftPackageReference section */
		9B61B44C29F03B14003EC14A /* XCRemoteSwiftPackageReference "MarkersExtractor" */ = {
			isa = XCRemoteSwiftPackageReference;
			repositoryURL = "https://github.com/TheAcharya/MarkersExtractor.git";
			requirement = {
				kind = exactVersion;
				version = "0.2.0-alpha-20230425.0";
			};
		};
		D5F74A422972E5A000EEE2FE /* XCRemoteSwiftPackageReference "FontPicker" */ = {
			isa = XCRemoteSwiftPackageReference;
			repositoryURL = "https://github.com/tyagishi/FontPicker";
			requirement = {
				branch = main;
				kind = branch;
			};
		};
		D5F74A452972FE7C00EEE2FE /* XCRemoteSwiftPackageReference "AirtableKit" */ = {
			isa = XCRemoteSwiftPackageReference;
			repositoryURL = "http://github.com/appledeveloperacademypucrs/AirtableKit.git";
			requirement = {
				kind = upToNextMajorVersion;
				minimumVersion = 1.0.0;
			};
		};
		D5F74A482973012800EEE2FE /* XCRemoteSwiftPackageReference "AppUpdater" */ = {
			isa = XCRemoteSwiftPackageReference;
			repositoryURL = "https://github.com/mxcl/AppUpdater";
			requirement = {
				kind = upToNextMajorVersion;
				minimumVersion = 1.0.0;
			};
		};
		D5F74A4B2973019000EEE2FE /* XCRemoteSwiftPackageReference "swift-collections" */ = {
			isa = XCRemoteSwiftPackageReference;
			repositoryURL = "https://github.com/apple/swift-collections.git";
			requirement = {
				kind = upToNextMajorVersion;
				minimumVersion = 1.0.0;
			};
		};
		D5F74A522973021F00EEE2FE /* XCRemoteSwiftPackageReference "SwiftUIX" */ = {
			isa = XCRemoteSwiftPackageReference;
			repositoryURL = "https://github.com/SwiftUIX/SwiftUIX";
			requirement = {
				kind = upToNextMajorVersion;
				minimumVersion = 0.1.3;
			};
		};
/* End XCRemoteSwiftPackageReference section */

/* Begin XCSwiftPackageProductDependency section */
		9B61B44D29F03B14003EC14A /* MarkersExtractor */ = {
			isa = XCSwiftPackageProductDependency;
			package = 9B61B44C29F03B14003EC14A /* XCRemoteSwiftPackageReference "MarkersExtractor" */;
			productName = MarkersExtractor;
		};
		D5F74A432972E5A000EEE2FE /* FontPicker */ = {
			isa = XCSwiftPackageProductDependency;
			package = D5F74A422972E5A000EEE2FE /* XCRemoteSwiftPackageReference "FontPicker" */;
			productName = FontPicker;
		};
		D5F74A462972FE7C00EEE2FE /* AirtableKit */ = {
			isa = XCSwiftPackageProductDependency;
			package = D5F74A452972FE7C00EEE2FE /* XCRemoteSwiftPackageReference "AirtableKit" */;
			productName = AirtableKit;
		};
		D5F74A492973012800EEE2FE /* AppUpdater */ = {
			isa = XCSwiftPackageProductDependency;
			package = D5F74A482973012800EEE2FE /* XCRemoteSwiftPackageReference "AppUpdater" */;
			productName = AppUpdater;
		};
		D5F74A4C2973019000EEE2FE /* Collections */ = {
			isa = XCSwiftPackageProductDependency;
			package = D5F74A4B2973019000EEE2FE /* XCRemoteSwiftPackageReference "swift-collections" */;
			productName = Collections;
		};
		D5F74A4E2973019000EEE2FE /* DequeModule */ = {
			isa = XCSwiftPackageProductDependency;
			package = D5F74A4B2973019000EEE2FE /* XCRemoteSwiftPackageReference "swift-collections" */;
			productName = DequeModule;
		};
		D5F74A502973019000EEE2FE /* OrderedCollections */ = {
			isa = XCSwiftPackageProductDependency;
			package = D5F74A4B2973019000EEE2FE /* XCRemoteSwiftPackageReference "swift-collections" */;
			productName = OrderedCollections;
		};
		D5F74A532973021F00EEE2FE /* SwiftUIX */ = {
			isa = XCSwiftPackageProductDependency;
			package = D5F74A522973021F00EEE2FE /* XCRemoteSwiftPackageReference "SwiftUIX" */;
			productName = SwiftUIX;
		};
/* End XCSwiftPackageProductDependency section */
	};
	rootObject = D5F74A252972D31C00EEE2FE /* Project object */;
}
